PODS:
  - Anchorage (4.3.1)
  - COSTouchVisualizer (1.0.6)
  - Crashlytics (3.14.0):
    - Fabric (~> 1.10.2)
  - Fabric (1.10.2)
  - JGProgressHUD (2.0.4)
  - ObjcExceptionBridging (1.0.1):
    - ObjcExceptionBridging/ObjcExceptionBridging (= 1.0.1)
  - ObjcExceptionBridging/ObjcExceptionBridging (1.0.1)
  - PinpointKit (1.3.0):
    - PinpointKit/Core (= 1.3.0)
  - PinpointKit/Core (1.3.0)
  - Pippin (14.1.0):
    - Pippin/Core (= 14.1.0)
    - Pippin/Extensions (= 14.1.0)
  - Pippin/Core (14.1.0):
    - Anchorage (~> 4)
    - Pippin/Extensions
    - Result
  - Pippin/Extensions (14.1.0)
  - Pippin/Extensions/Tests (14.1.0)
  - PippinAdapters (3.0.0):
    - PippinAdapters/COSTouchVisualizer (= 3.0.0)
    - PippinAdapters/DebugController (= 3.0.0)
    - PippinAdapters/JGProgressHUD (= 3.0.0)
    - PippinAdapters/PinpointKit (= 3.0.0)
    - PippinAdapters/SwiftMessages (= 3.0.0)
    - PippinAdapters/XCGLogger (= 3.0.0)
  - PippinAdapters/COSTouchVisualizer (3.0.0):
    - COSTouchVisualizer (~> 1)
    - Pippin
  - PippinAdapters/DebugController (3.0.0):
    - Pippin (>= 13)
  - PippinAdapters/JGProgressHUD (3.0.0):
    - JGProgressHUD
    - Pippin
  - PippinAdapters/PinpointKit (3.0.0):
    - PinpointKit (~> 1)
    - Pippin (>= 13)
  - PippinAdapters/SwiftMessages (3.0.0):
    - Pippin
    - SwiftMessages (~> 6)
  - PippinAdapters/XCGLogger (3.0.0):
    - Pippin
    - XCGLogger (~> 6)
  - PippinTesting (2.0.0)
  - PippinTesting/Tests (2.0.0)
  - Result (5.0.0)
  - SwiftMessages (6.0.2):
    - SwiftMessages/App (= 6.0.2)
  - SwiftMessages/App (6.0.2)
  - XCGLogger (6.1.0):
    - XCGLogger/Core (= 6.1.0)
  - XCGLogger/Core (6.1.0):
    - ObjcExceptionBridging

DEPENDENCIES:
  - Crashlytics (~> 3)
  - Pippin (from `.`)
  - Pippin/Extensions (from `.`)
  - Pippin/Extensions/Tests (from `.`)
  - PippinAdapters (from `.`)
  - PippinTesting (from `.`)
  - PippinTesting/Tests (from `.`)

SPEC REPOS:
  https://github.com/cocoapods/specs.git:
    - Anchorage
    - COSTouchVisualizer
    - Crashlytics
    - Fabric
    - JGProgressHUD
    - ObjcExceptionBridging
    - PinpointKit
    - Result
    - SwiftMessages
    - XCGLogger

EXTERNAL SOURCES:
  Pippin:
    :path: "."
  PippinAdapters:
    :path: "."
  PippinTesting:
    :path: "."

SPEC CHECKSUMS:
  Anchorage: a187da0bc9b07440637d42c8744b8c82a4490295
  COSTouchVisualizer: a398089327a6c02897823614d7447ccc97198997
  Crashlytics: 540b7e5f5da5a042647227a5e3ac51d85eed06df
  Fabric: 706c8b8098fff96c33c0db69cbf81f9c551d0d74
  JGProgressHUD: 62658b14e72cccf179efc7a13bcb54d30b92fc22
  ObjcExceptionBridging: c30e00eb3700467e695faeea30e26e18bd445001
  PinpointKit: 8ef42ed810a95aaced0462b532e0224a67afb72d
  Pippin: a79b78676a34f25f9ccc407312e3979f6baf0324
  PippinAdapters: fca4b3e012086e09d264fdd0f9833518231bd9a2
  PippinTesting: 36bf518b5b9d7bec332ef10ad3b692aedbf5c25b
  Result: ed341d2f236af425b803e690e9bd8fd0a0cb7c5a
  SwiftMessages: 8b3cc68dba2f1c91aac1a74c90b10287aac35371
  XCGLogger: 7f7f43f15dfe3a305fa1342b7dc29af656289abd

PODFILE CHECKSUM: 6e7fccd3c4cf9998c7c10bb5b6c897361f70542d

COCOAPODS: 1.7.5
