// !$*UTF8*$!
{
	archiveVersion = 1;
	classes = {
	};
	objectVersion = 46;
	objects = {

/* Begin PBXBuildFile section */
		21EC2BFA5E6922E0FB96A763 /* Pods_shared_utilsTests_harness_ios.framework in Frameworks */ = {isa = PBXBuildFile; fileRef = 3A1C5DB85C77B5C10496BE49 /* Pods_shared_utilsTests_harness_ios.framework */; };
		493FE8CC1EAC6CB700D15C6A /* AppDelegate.swift in Sources */ = {isa = PBXBuildFile; fileRef = 49835A051E934995009CC53E /* AppDelegate.swift */; };
		493FE8CD1EAC6CB700D15C6A /* ViewController.swift in Sources */ = {isa = PBXBuildFile; fileRef = 49835A071E934995009CC53E /* ViewController.swift */; };
		495760311F18473F003E976F /* Array+Search.swift in Sources */ = {isa = PBXBuildFile; fileRef = 49575FF71F18473F003E976F /* Array+Search.swift */; };
		495760321F18473F003E976F /* Tribool.swift in Sources */ = {isa = PBXBuildFile; fileRef = 49575FF91F18473F003E976F /* Tribool.swift */; };
		495760331F18473F003E976F /* Operations.swift in Sources */ = {isa = PBXBuildFile; fileRef = 49575FFB1F18473F003E976F /* Operations.swift */; };
		495760341F18473F003E976F /* AuthorizedCLLocationManager.swift in Sources */ = {isa = PBXBuildFile; fileRef = 49575FFD1F18473F003E976F /* AuthorizedCLLocationManager.swift */; };
		495760351F18473F003E976F /* CoreData+Utils.swift in Sources */ = {isa = PBXBuildFile; fileRef = 49575FFF1F18473F003E976F /* CoreData+Utils.swift */; };
		495760361F18473F003E976F /* IndexPath+Common.swift in Sources */ = {isa = PBXBuildFile; fileRef = 495760011F18473F003E976F /* IndexPath+Common.swift */; };
		495760371F18473F003E976F /* NSBundle+PlistValues.swift in Sources */ = {isa = PBXBuildFile; fileRef = 495760031F18473F003E976F /* NSBundle+PlistValues.swift */; };
		495760381F18473F003E976F /* NSDate+DateComponents.m in Sources */ = {isa = PBXBuildFile; fileRef = 495760061F18473F003E976F /* NSDate+DateComponents.m */; };
		495760391F18473F003E976F /* NSDate+TimeSince.m in Sources */ = {isa = PBXBuildFile; fileRef = 495760081F18473F003E976F /* NSDate+TimeSince.m */; };
		4957603A1F18473F003E976F /* BugReportingController.swift in Sources */ = {isa = PBXBuildFile; fileRef = 4957600A1F18473F003E976F /* BugReportingController.swift */; };
		4957603B1F18473F003E976F /* CoreDataController.swift in Sources */ = {isa = PBXBuildFile; fileRef = 4957600B1F18473F003E976F /* CoreDataController.swift */; };
		4957603C1F18473F003E976F /* DebugController.swift in Sources */ = {isa = PBXBuildFile; fileRef = 4957600C1F18473F003E976F /* DebugController.swift */; };
		4957603D1F18473F003E976F /* FormController.swift in Sources */ = {isa = PBXBuildFile; fileRef = 4957600D1F18473F003E976F /* FormController.swift */; };
		4957603E1F18473F003E976F /* LogController.swift in Sources */ = {isa = PBXBuildFile; fileRef = 4957600E1F18473F003E976F /* LogController.swift */; };
		4957603F1F18473F003E976F /* Types.swift in Sources */ = {isa = PBXBuildFile; fileRef = 4957600F1F18473F003E976F /* Types.swift */; };
		495760411F18473F003E976F /* String+NumericValues.swift in Sources */ = {isa = PBXBuildFile; fileRef = 495760121F18473F003E976F /* String+NumericValues.swift */; };
		495760421F18473F003E976F /* String+rDNS.swift in Sources */ = {isa = PBXBuildFile; fileRef = 495760131F18473F003E976F /* String+rDNS.swift */; };
		495760431F18473F003E976F /* UIAlertControllerFactory.swift in Sources */ = {isa = PBXBuildFile; fileRef = 495760151F18473F003E976F /* UIAlertControllerFactory.swift */; };
		495760441F18473F003E976F /* UIButtonFactory.swift in Sources */ = {isa = PBXBuildFile; fileRef = 495760171F18473F003E976F /* UIButtonFactory.swift */; };
		495760451F18473F003E976F /* ColorComponents.swift in Sources */ = {isa = PBXBuildFile; fileRef = 495760191F18473F003E976F /* ColorComponents.swift */; };
		495760461F18473F003E976F /* MoreColors.swift in Sources */ = {isa = PBXBuildFile; fileRef = 4957601A1F18473F003E976F /* MoreColors.swift */; };
		495760471F18473F003E976F /* UIDevice+Idioms.swift in Sources */ = {isa = PBXBuildFile; fileRef = 4957601C1F18473F003E976F /* UIDevice+Idioms.swift */; };
		495760481F18473F003E976F /* MaybeFont.swift in Sources */ = {isa = PBXBuildFile; fileRef = 4957601E1F18473F003E976F /* MaybeFont.swift */; };
		495760491F18473F003E976F /* UILabelFactory.swift in Sources */ = {isa = PBXBuildFile; fileRef = 495760201F18473F003E976F /* UILabelFactory.swift */; };
		4957604A1F18473F003E976F /* TextFieldTableViewCell.swift in Sources */ = {isa = PBXBuildFile; fileRef = 495760221F18473F003E976F /* TextFieldTableViewCell.swift */; };
		4957604B1F18473F003E976F /* UITextFieldFactory.swift in Sources */ = {isa = PBXBuildFile; fileRef = 495760241F18473F003E976F /* UITextFieldFactory.swift */; };
		4957604C1F18473F003E976F /* UIView+Layout.swift in Sources */ = {isa = PBXBuildFile; fileRef = 495760261F18473F003E976F /* UIView+Layout.swift */; };
		4957604D1F18473F003E976F /* BlurViewController.swift in Sources */ = {isa = PBXBuildFile; fileRef = 495760281F18473F003E976F /* BlurViewController.swift */; };
		4957604E1F18473F003E976F /* DismissableModalViewController.swift in Sources */ = {isa = PBXBuildFile; fileRef = 495760291F18473F003E976F /* DismissableModalViewController.swift */; };
		4957604F1F18473F003E976F /* InfoViewController.swift in Sources */ = {isa = PBXBuildFile; fileRef = 4957602A1F18473F003E976F /* InfoViewController.swift */; };
		495760501F18473F003E976F /* TransparentModalPresentingViewController.swift in Sources */ = {isa = PBXBuildFile; fileRef = 4957602B1F18473F003E976F /* TransparentModalPresentingViewController.swift */; };
		495760511F18473F003E976F /* UIViewController+ChildViewControllers.swift in Sources */ = {isa = PBXBuildFile; fileRef = 4957602C1F18473F003E976F /* UIViewController+ChildViewControllers.swift */; };
		495760521F18473F003E976F /* ULLONG_MAX.swift in Sources */ = {isa = PBXBuildFile; fileRef = 4957602D1F18473F003E976F /* ULLONG_MAX.swift */; };
		495760531F18473F003E976F /* Build.swift in Sources */ = {isa = PBXBuildFile; fileRef = 4957602F1F18473F003E976F /* Build.swift */; };
		495760541F18473F003E976F /* SemanticVersion.swift in Sources */ = {isa = PBXBuildFile; fileRef = 495760301F18473F003E976F /* SemanticVersion.swift */; };
		49835A061E934995009CC53E /* AppDelegate.swift in Sources */ = {isa = PBXBuildFile; fileRef = 49835A051E934995009CC53E /* AppDelegate.swift */; };
		49835A081E934995009CC53E /* ViewController.swift in Sources */ = {isa = PBXBuildFile; fileRef = 49835A071E934995009CC53E /* ViewController.swift */; };
		49835A0B1E934995009CC53E /* Main.storyboard in Resources */ = {isa = PBXBuildFile; fileRef = 49835A091E934995009CC53E /* Main.storyboard */; };
		49835A0D1E934995009CC53E /* Assets.xcassets in Resources */ = {isa = PBXBuildFile; fileRef = 49835A0C1E934995009CC53E /* Assets.xcassets */; };
		49835A101E934995009CC53E /* LaunchScreen.storyboard in Resources */ = {isa = PBXBuildFile; fileRef = 49835A0E1E934995009CC53E /* LaunchScreen.storyboard */; };
		49A5BE291E7A4FA400F59393 /* Array+Search_Test.swift in Sources */ = {isa = PBXBuildFile; fileRef = 49A5BE281E7A4FA400F59393 /* Array+Search_Test.swift */; };
		49A5BE2B1E7A4FBD00F59393 /* Tribool_Test.swift in Sources */ = {isa = PBXBuildFile; fileRef = 49A5BE2A1E7A4FBD00F59393 /* Tribool_Test.swift */; };
		49C4DF821E78E91600103663 /* String+NumericValues_Test.swift in Sources */ = {isa = PBXBuildFile; fileRef = 49C4DF811E78E91600103663 /* String+NumericValues_Test.swift */; };
		93F72449E3618AE5E710A9FD /* Pods_shared_utilsTests_harness_ios_shared_utilsTests.framework in Frameworks */ = {isa = PBXBuildFile; fileRef = C85B2E1E5F875EE99614787A /* Pods_shared_utilsTests_harness_ios_shared_utilsTests.framework */; };
/* End PBXBuildFile section */

/* Begin PBXContainerItemProxy section */
		49835A151E93499A009CC53E /* PBXContainerItemProxy */ = {
			isa = PBXContainerItemProxy;
			containerPortal = 494821571E6B4E28003DD4EC /* Project object */;
			proxyType = 1;
			remoteGlobalIDString = 49835A021E934995009CC53E;
			remoteInfo = "shared-utilsTests-harness-ios";
		};
/* End PBXContainerItemProxy section */

/* Begin PBXFileReference section */
		0BED3BDE1605B8C292505CEB /* Pods-shared-utilsTests-harness-ios-shared-utilsTests.release.xcconfig */ = {isa = PBXFileReference; includeInIndex = 1; lastKnownFileType = text.xcconfig; name = "Pods-shared-utilsTests-harness-ios-shared-utilsTests.release.xcconfig"; path = "../Pods/Target Support Files/Pods-shared-utilsTests-harness-ios-shared-utilsTests/Pods-shared-utilsTests-harness-ios-shared-utilsTests.release.xcconfig"; sourceTree = "<group>"; };
		3A1C5DB85C77B5C10496BE49 /* Pods_shared_utilsTests_harness_ios.framework */ = {isa = PBXFileReference; explicitFileType = wrapper.framework; includeInIndex = 0; path = Pods_shared_utilsTests_harness_ios.framework; sourceTree = BUILT_PRODUCTS_DIR; };
		494822CA1E6B7945003DD4EC /* SharedUtilsTests.xctest */ = {isa = PBXFileReference; explicitFileType = wrapper.cfbundle; includeInIndex = 0; path = SharedUtilsTests.xctest; sourceTree = BUILT_PRODUCTS_DIR; };
		494822D11E6B7945003DD4EC /* Info.plist */ = {isa = PBXFileReference; lastKnownFileType = text.plist.xml; path = Info.plist; sourceTree = "<group>"; };
		49575FF71F18473F003E976F /* Array+Search.swift */ = {isa = PBXFileReference; fileEncoding = 4; lastKnownFileType = sourcecode.swift; path = "Array+Search.swift"; sourceTree = "<group>"; };
		49575FF91F18473F003E976F /* Tribool.swift */ = {isa = PBXFileReference; fileEncoding = 4; lastKnownFileType = sourcecode.swift; path = Tribool.swift; sourceTree = "<group>"; };
		49575FFB1F18473F003E976F /* Operations.swift */ = {isa = PBXFileReference; fileEncoding = 4; lastKnownFileType = sourcecode.swift; path = Operations.swift; sourceTree = "<group>"; };
		49575FFD1F18473F003E976F /* AuthorizedCLLocationManager.swift */ = {isa = PBXFileReference; fileEncoding = 4; lastKnownFileType = sourcecode.swift; path = AuthorizedCLLocationManager.swift; sourceTree = "<group>"; };
		49575FFF1F18473F003E976F /* CoreData+Utils.swift */ = {isa = PBXFileReference; fileEncoding = 4; lastKnownFileType = sourcecode.swift; path = "CoreData+Utils.swift"; sourceTree = "<group>"; };
		495760011F18473F003E976F /* IndexPath+Common.swift */ = {isa = PBXFileReference; fileEncoding = 4; lastKnownFileType = sourcecode.swift; path = "IndexPath+Common.swift"; sourceTree = "<group>"; };
		495760031F18473F003E976F /* NSBundle+PlistValues.swift */ = {isa = PBXFileReference; fileEncoding = 4; lastKnownFileType = sourcecode.swift; path = "NSBundle+PlistValues.swift"; sourceTree = "<group>"; };
		495760051F18473F003E976F /* NSDate+DateComponents.h */ = {isa = PBXFileReference; fileEncoding = 4; lastKnownFileType = sourcecode.c.h; path = "NSDate+DateComponents.h"; sourceTree = "<group>"; };
		495760061F18473F003E976F /* NSDate+DateComponents.m */ = {isa = PBXFileReference; fileEncoding = 4; lastKnownFileType = sourcecode.c.objc; path = "NSDate+DateComponents.m"; sourceTree = "<group>"; };
		495760071F18473F003E976F /* NSDate+TimeSince.h */ = {isa = PBXFileReference; fileEncoding = 4; lastKnownFileType = sourcecode.c.h; path = "NSDate+TimeSince.h"; sourceTree = "<group>"; };
		495760081F18473F003E976F /* NSDate+TimeSince.m */ = {isa = PBXFileReference; fileEncoding = 4; lastKnownFileType = sourcecode.c.objc; path = "NSDate+TimeSince.m"; sourceTree = "<group>"; };
		4957600A1F18473F003E976F /* BugReportingController.swift */ = {isa = PBXFileReference; fileEncoding = 4; lastKnownFileType = sourcecode.swift; path = BugReportingController.swift; sourceTree = "<group>"; };
		4957600B1F18473F003E976F /* CoreDataController.swift */ = {isa = PBXFileReference; fileEncoding = 4; lastKnownFileType = sourcecode.swift; path = CoreDataController.swift; sourceTree = "<group>"; };
		4957600C1F18473F003E976F /* DebugController.swift */ = {isa = PBXFileReference; fileEncoding = 4; lastKnownFileType = sourcecode.swift; path = DebugController.swift; sourceTree = "<group>"; };
		4957600D1F18473F003E976F /* FormController.swift */ = {isa = PBXFileReference; fileEncoding = 4; lastKnownFileType = sourcecode.swift; path = FormController.swift; sourceTree = "<group>"; };
		4957600E1F18473F003E976F /* LogController.swift */ = {isa = PBXFileReference; fileEncoding = 4; lastKnownFileType = sourcecode.swift; path = LogController.swift; sourceTree = "<group>"; };
		4957600F1F18473F003E976F /* Types.swift */ = {isa = PBXFileReference; fileEncoding = 4; lastKnownFileType = sourcecode.swift; path = Types.swift; sourceTree = "<group>"; };
		495760121F18473F003E976F /* String+NumericValues.swift */ = {isa = PBXFileReference; fileEncoding = 4; lastKnownFileType = sourcecode.swift; path = "String+NumericValues.swift"; sourceTree = "<group>"; };
		495760131F18473F003E976F /* String+rDNS.swift */ = {isa = PBXFileReference; fileEncoding = 4; lastKnownFileType = sourcecode.swift; path = "String+rDNS.swift"; sourceTree = "<group>"; };
		495760151F18473F003E976F /* UIAlertControllerFactory.swift */ = {isa = PBXFileReference; fileEncoding = 4; lastKnownFileType = sourcecode.swift; path = UIAlertControllerFactory.swift; sourceTree = "<group>"; };
		495760171F18473F003E976F /* UIButtonFactory.swift */ = {isa = PBXFileReference; fileEncoding = 4; lastKnownFileType = sourcecode.swift; path = UIButtonFactory.swift; sourceTree = "<group>"; };
		495760191F18473F003E976F /* ColorComponents.swift */ = {isa = PBXFileReference; fileEncoding = 4; lastKnownFileType = sourcecode.swift; path = ColorComponents.swift; sourceTree = "<group>"; };
		4957601A1F18473F003E976F /* MoreColors.swift */ = {isa = PBXFileReference; fileEncoding = 4; lastKnownFileType = sourcecode.swift; path = MoreColors.swift; sourceTree = "<group>"; };
		4957601C1F18473F003E976F /* UIDevice+Idioms.swift */ = {isa = PBXFileReference; fileEncoding = 4; lastKnownFileType = sourcecode.swift; path = "UIDevice+Idioms.swift"; sourceTree = "<group>"; };
		4957601E1F18473F003E976F /* MaybeFont.swift */ = {isa = PBXFileReference; fileEncoding = 4; lastKnownFileType = sourcecode.swift; path = MaybeFont.swift; sourceTree = "<group>"; };
		495760201F18473F003E976F /* UILabelFactory.swift */ = {isa = PBXFileReference; fileEncoding = 4; lastKnownFileType = sourcecode.swift; path = UILabelFactory.swift; sourceTree = "<group>"; };
		495760221F18473F003E976F /* TextFieldTableViewCell.swift */ = {isa = PBXFileReference; fileEncoding = 4; lastKnownFileType = sourcecode.swift; path = TextFieldTableViewCell.swift; sourceTree = "<group>"; };
		495760241F18473F003E976F /* UITextFieldFactory.swift */ = {isa = PBXFileReference; fileEncoding = 4; lastKnownFileType = sourcecode.swift; path = UITextFieldFactory.swift; sourceTree = "<group>"; };
		495760261F18473F003E976F /* UIView+Layout.swift */ = {isa = PBXFileReference; fileEncoding = 4; lastKnownFileType = sourcecode.swift; path = "UIView+Layout.swift"; sourceTree = "<group>"; };
		495760281F18473F003E976F /* BlurViewController.swift */ = {isa = PBXFileReference; fileEncoding = 4; lastKnownFileType = sourcecode.swift; path = BlurViewController.swift; sourceTree = "<group>"; };
		495760291F18473F003E976F /* DismissableModalViewController.swift */ = {isa = PBXFileReference; fileEncoding = 4; lastKnownFileType = sourcecode.swift; path = DismissableModalViewController.swift; sourceTree = "<group>"; };
		4957602A1F18473F003E976F /* InfoViewController.swift */ = {isa = PBXFileReference; fileEncoding = 4; lastKnownFileType = sourcecode.swift; path = InfoViewController.swift; sourceTree = "<group>"; };
		4957602B1F18473F003E976F /* TransparentModalPresentingViewController.swift */ = {isa = PBXFileReference; fileEncoding = 4; lastKnownFileType = sourcecode.swift; path = TransparentModalPresentingViewController.swift; sourceTree = "<group>"; };
		4957602C1F18473F003E976F /* UIViewController+ChildViewControllers.swift */ = {isa = PBXFileReference; fileEncoding = 4; lastKnownFileType = sourcecode.swift; path = "UIViewController+ChildViewControllers.swift"; sourceTree = "<group>"; };
		4957602D1F18473F003E976F /* ULLONG_MAX.swift */ = {isa = PBXFileReference; fileEncoding = 4; lastKnownFileType = sourcecode.swift; path = ULLONG_MAX.swift; sourceTree = "<group>"; };
		4957602F1F18473F003E976F /* Build.swift */ = {isa = PBXFileReference; fileEncoding = 4; lastKnownFileType = sourcecode.swift; path = Build.swift; sourceTree = "<group>"; };
		495760301F18473F003E976F /* SemanticVersion.swift */ = {isa = PBXFileReference; fileEncoding = 4; lastKnownFileType = sourcecode.swift; path = SemanticVersion.swift; sourceTree = "<group>"; };
		49835A031E934995009CC53E /* shared-utilsTests-harness-ios.app */ = {isa = PBXFileReference; explicitFileType = wrapper.application; includeInIndex = 0; path = "shared-utilsTests-harness-ios.app"; sourceTree = BUILT_PRODUCTS_DIR; };
		49835A051E934995009CC53E /* AppDelegate.swift */ = {isa = PBXFileReference; lastKnownFileType = sourcecode.swift; path = AppDelegate.swift; sourceTree = "<group>"; };
		49835A071E934995009CC53E /* ViewController.swift */ = {isa = PBXFileReference; lastKnownFileType = sourcecode.swift; path = ViewController.swift; sourceTree = "<group>"; };
		49835A0A1E934995009CC53E /* Base */ = {isa = PBXFileReference; lastKnownFileType = file.storyboard; name = Base; path = Base.lproj/Main.storyboard; sourceTree = "<group>"; };
		49835A0C1E934995009CC53E /* Assets.xcassets */ = {isa = PBXFileReference; lastKnownFileType = folder.assetcatalog; path = Assets.xcassets; sourceTree = "<group>"; };
		49835A0F1E934995009CC53E /* Base */ = {isa = PBXFileReference; lastKnownFileType = file.storyboard; name = Base; path = Base.lproj/LaunchScreen.storyboard; sourceTree = "<group>"; };
		49835A111E934995009CC53E /* Info.plist */ = {isa = PBXFileReference; lastKnownFileType = text.plist.xml; path = Info.plist; sourceTree = "<group>"; };
		49A5BE281E7A4FA400F59393 /* Array+Search_Test.swift */ = {isa = PBXFileReference; fileEncoding = 4; lastKnownFileType = sourcecode.swift; path = "Array+Search_Test.swift"; sourceTree = "<group>"; };
		49A5BE2A1E7A4FBD00F59393 /* Tribool_Test.swift */ = {isa = PBXFileReference; fileEncoding = 4; lastKnownFileType = sourcecode.swift; path = Tribool_Test.swift; sourceTree = "<group>"; };
		49C4DF811E78E91600103663 /* String+NumericValues_Test.swift */ = {isa = PBXFileReference; fileEncoding = 4; lastKnownFileType = sourcecode.swift; path = "String+NumericValues_Test.swift"; sourceTree = "<group>"; };
		868442FEC215EB0D978D1FDA /* Pods-shared-utilsTests-harness-ios.release.xcconfig */ = {isa = PBXFileReference; includeInIndex = 1; lastKnownFileType = text.xcconfig; name = "Pods-shared-utilsTests-harness-ios.release.xcconfig"; path = "../Pods/Target Support Files/Pods-shared-utilsTests-harness-ios/Pods-shared-utilsTests-harness-ios.release.xcconfig"; sourceTree = "<group>"; };
		8AA6EB04656CAB0A37FAEA09 /* Pods-shared-utilsTests-harness-ios.debug.xcconfig */ = {isa = PBXFileReference; includeInIndex = 1; lastKnownFileType = text.xcconfig; name = "Pods-shared-utilsTests-harness-ios.debug.xcconfig"; path = "../Pods/Target Support Files/Pods-shared-utilsTests-harness-ios/Pods-shared-utilsTests-harness-ios.debug.xcconfig"; sourceTree = "<group>"; };
		BDD058ABCCA8CE3CE5B9D150 /* Pods-shared-utilsTests-harness-ios-shared-utilsTests.debug.xcconfig */ = {isa = PBXFileReference; includeInIndex = 1; lastKnownFileType = text.xcconfig; name = "Pods-shared-utilsTests-harness-ios-shared-utilsTests.debug.xcconfig"; path = "../Pods/Target Support Files/Pods-shared-utilsTests-harness-ios-shared-utilsTests/Pods-shared-utilsTests-harness-ios-shared-utilsTests.debug.xcconfig"; sourceTree = "<group>"; };
		C85B2E1E5F875EE99614787A /* Pods_shared_utilsTests_harness_ios_shared_utilsTests.framework */ = {isa = PBXFileReference; explicitFileType = wrapper.framework; includeInIndex = 0; path = Pods_shared_utilsTests_harness_ios_shared_utilsTests.framework; sourceTree = BUILT_PRODUCTS_DIR; };
/* End PBXFileReference section */

/* Begin PBXFrameworksBuildPhase section */
		494822C71E6B7945003DD4EC /* Frameworks */ = {
			isa = PBXFrameworksBuildPhase;
			buildActionMask = 2147483647;
			files = (
				93F72449E3618AE5E710A9FD /* Pods_shared_utilsTests_harness_ios_shared_utilsTests.framework in Frameworks */,
			);
			runOnlyForDeploymentPostprocessing = 0;
		};
		49835A001E934995009CC53E /* Frameworks */ = {
			isa = PBXFrameworksBuildPhase;
			buildActionMask = 2147483647;
			files = (
				21EC2BFA5E6922E0FB96A763 /* Pods_shared_utilsTests_harness_ios.framework in Frameworks */,
			);
			runOnlyForDeploymentPostprocessing = 0;
		};
/* End PBXFrameworksBuildPhase section */

/* Begin PBXGroup section */
		494821561E6B4E28003DD4EC = {
			isa = PBXGroup;
			children = (
				49575FF51F18473F003E976F /* shared-utils */,
				494822CE1E6B7945003DD4EC /* shared-utilsTests */,
				49835A041E934995009CC53E /* shared-utilsTests-harness-ios */,
				494821621E6B4EA5003DD4EC /* Products */,
				F59A1C6EB21C1085CA554338 /* Pods */,
				90B600DD3AD2FDC561021E97 /* Frameworks */,
			);
			sourceTree = "<group>";
		};
		494821621E6B4EA5003DD4EC /* Products */ = {
			isa = PBXGroup;
			children = (
				494822CA1E6B7945003DD4EC /* SharedUtilsTests.xctest */,
				49835A031E934995009CC53E /* shared-utilsTests-harness-ios.app */,
			);
			name = Products;
			sourceTree = "<group>";
		};
		494822CE1E6B7945003DD4EC /* shared-utilsTests */ = {
			isa = PBXGroup;
			children = (
				49A5BE281E7A4FA400F59393 /* Array+Search_Test.swift */,
				494822D11E6B7945003DD4EC /* Info.plist */,
				49C4DF811E78E91600103663 /* String+NumericValues_Test.swift */,
				49A5BE2A1E7A4FBD00F59393 /* Tribool_Test.swift */,
			);
			path = "shared-utilsTests";
			sourceTree = "<group>";
		};
		49575FF51F18473F003E976F /* shared-utils */ = {
			isa = PBXGroup;
			children = (
				49575FF61F18473F003E976F /* Array */,
				49575FF81F18473F003E976F /* Bool */,
				49575FFA1F18473F003E976F /* CGRect */,
				49575FFC1F18473F003E976F /* CLLocationManager */,
				49575FFE1F18473F003E976F /* CoreData */,
				495760001F18473F003E976F /* IndexPath */,
				495760021F18473F003E976F /* NSBundle */,
				495760041F18473F003E976F /* NSDate */,
				495760091F18473F003E976F /* NSObject */,
				495760111F18473F003E976F /* String */,
				495760141F18473F003E976F /* UIAlertController */,
				495760161F18473F003E976F /* UIButton */,
				495760181F18473F003E976F /* UIColor */,
				4957601B1F18473F003E976F /* UIDevice */,
				4957601D1F18473F003E976F /* UIFont */,
				4957601F1F18473F003E976F /* UILabel */,
				495760211F18473F003E976F /* UITableViewCell */,
				495760231F18473F003E976F /* UITextField */,
				495760251F18473F003E976F /* UIView */,
				495760271F18473F003E976F /* UIViewController */,
				4957602D1F18473F003E976F /* ULLONG_MAX.swift */,
				4957602E1F18473F003E976F /* Versioning */,
			);
			name = "shared-utils";
			path = "../shared-utils";
			sourceTree = "<group>";
		};
		49575FF61F18473F003E976F /* Array */ = {
			isa = PBXGroup;
			children = (
				49575FF71F18473F003E976F /* Array+Search.swift */,
			);
			path = Array;
			sourceTree = "<group>";
		};
		49575FF81F18473F003E976F /* Bool */ = {
			isa = PBXGroup;
			children = (
				49575FF91F18473F003E976F /* Tribool.swift */,
			);
			path = Bool;
			sourceTree = "<group>";
		};
		49575FFA1F18473F003E976F /* CGRect */ = {
			isa = PBXGroup;
			children = (
				49575FFB1F18473F003E976F /* Operations.swift */,
			);
			path = CGRect;
			sourceTree = "<group>";
		};
		49575FFC1F18473F003E976F /* CLLocationManager */ = {
			isa = PBXGroup;
			children = (
				49575FFD1F18473F003E976F /* AuthorizedCLLocationManager.swift */,
			);
			path = CLLocationManager;
			sourceTree = "<group>";
		};
		49575FFE1F18473F003E976F /* CoreData */ = {
			isa = PBXGroup;
			children = (
				49575FFF1F18473F003E976F /* CoreData+Utils.swift */,
			);
			path = CoreData;
			sourceTree = "<group>";
		};
		495760001F18473F003E976F /* IndexPath */ = {
			isa = PBXGroup;
			children = (
				495760011F18473F003E976F /* IndexPath+Common.swift */,
			);
			path = IndexPath;
			sourceTree = "<group>";
		};
		495760021F18473F003E976F /* NSBundle */ = {
			isa = PBXGroup;
			children = (
				495760031F18473F003E976F /* NSBundle+PlistValues.swift */,
			);
			path = NSBundle;
			sourceTree = "<group>";
		};
		495760041F18473F003E976F /* NSDate */ = {
			isa = PBXGroup;
			children = (
				495760051F18473F003E976F /* NSDate+DateComponents.h */,
				495760061F18473F003E976F /* NSDate+DateComponents.m */,
				495760071F18473F003E976F /* NSDate+TimeSince.h */,
				495760081F18473F003E976F /* NSDate+TimeSince.m */,
			);
			path = NSDate;
			sourceTree = "<group>";
		};
		495760091F18473F003E976F /* NSObject */ = {
			isa = PBXGroup;
			children = (
				4957600A1F18473F003E976F /* BugReportingController.swift */,
				4957600B1F18473F003E976F /* CoreDataController.swift */,
				4957600C1F18473F003E976F /* DebugController.swift */,
				4957600D1F18473F003E976F /* FormController.swift */,
				4957600E1F18473F003E976F /* LogController.swift */,
				4957600F1F18473F003E976F /* Types.swift */,
			);
			path = NSObject;
			sourceTree = "<group>";
		};
		495760111F18473F003E976F /* String */ = {
			isa = PBXGroup;
			children = (
				495760121F18473F003E976F /* String+NumericValues.swift */,
				495760131F18473F003E976F /* String+rDNS.swift */,
			);
			path = String;
			sourceTree = "<group>";
		};
		495760141F18473F003E976F /* UIAlertController */ = {
			isa = PBXGroup;
			children = (
				495760151F18473F003E976F /* UIAlertControllerFactory.swift */,
			);
			path = UIAlertController;
			sourceTree = "<group>";
		};
		495760161F18473F003E976F /* UIButton */ = {
			isa = PBXGroup;
			children = (
				495760171F18473F003E976F /* UIButtonFactory.swift */,
			);
			path = UIButton;
			sourceTree = "<group>";
		};
		495760181F18473F003E976F /* UIColor */ = {
			isa = PBXGroup;
			children = (
				495760191F18473F003E976F /* ColorComponents.swift */,
				4957601A1F18473F003E976F /* MoreColors.swift */,
			);
			path = UIColor;
			sourceTree = "<group>";
		};
		4957601B1F18473F003E976F /* UIDevice */ = {
			isa = PBXGroup;
			children = (
				4957601C1F18473F003E976F /* UIDevice+Idioms.swift */,
			);
			path = UIDevice;
			sourceTree = "<group>";
		};
		4957601D1F18473F003E976F /* UIFont */ = {
			isa = PBXGroup;
			children = (
				4957601E1F18473F003E976F /* MaybeFont.swift */,
			);
			path = UIFont;
			sourceTree = "<group>";
		};
		4957601F1F18473F003E976F /* UILabel */ = {
			isa = PBXGroup;
			children = (
				495760201F18473F003E976F /* UILabelFactory.swift */,
			);
			path = UILabel;
			sourceTree = "<group>";
		};
		495760211F18473F003E976F /* UITableViewCell */ = {
			isa = PBXGroup;
			children = (
				495760221F18473F003E976F /* TextFieldTableViewCell.swift */,
			);
			path = UITableViewCell;
			sourceTree = "<group>";
		};
		495760231F18473F003E976F /* UITextField */ = {
			isa = PBXGroup;
			children = (
				495760241F18473F003E976F /* UITextFieldFactory.swift */,
			);
			path = UITextField;
			sourceTree = "<group>";
		};
		495760251F18473F003E976F /* UIView */ = {
			isa = PBXGroup;
			children = (
				495760261F18473F003E976F /* UIView+Layout.swift */,
			);
			path = UIView;
			sourceTree = "<group>";
		};
		495760271F18473F003E976F /* UIViewController */ = {
			isa = PBXGroup;
			children = (
				495760281F18473F003E976F /* BlurViewController.swift */,
				495760291F18473F003E976F /* DismissableModalViewController.swift */,
				4957602A1F18473F003E976F /* InfoViewController.swift */,
				4957602B1F18473F003E976F /* TransparentModalPresentingViewController.swift */,
				4957602C1F18473F003E976F /* UIViewController+ChildViewControllers.swift */,
			);
			path = UIViewController;
			sourceTree = "<group>";
		};
		4957602E1F18473F003E976F /* Versioning */ = {
			isa = PBXGroup;
			children = (
				4957602F1F18473F003E976F /* Build.swift */,
				495760301F18473F003E976F /* SemanticVersion.swift */,
			);
			path = Versioning;
			sourceTree = "<group>";
		};
		49835A041E934995009CC53E /* shared-utilsTests-harness-ios */ = {
			isa = PBXGroup;
			children = (
				49835A051E934995009CC53E /* AppDelegate.swift */,
				49835A071E934995009CC53E /* ViewController.swift */,
				49835A091E934995009CC53E /* Main.storyboard */,
				49835A0C1E934995009CC53E /* Assets.xcassets */,
				49835A0E1E934995009CC53E /* LaunchScreen.storyboard */,
				49835A111E934995009CC53E /* Info.plist */,
			);
			path = "shared-utilsTests-harness-ios";
			sourceTree = "<group>";
		};
		90B600DD3AD2FDC561021E97 /* Frameworks */ = {
			isa = PBXGroup;
			children = (
				3A1C5DB85C77B5C10496BE49 /* Pods_shared_utilsTests_harness_ios.framework */,
				C85B2E1E5F875EE99614787A /* Pods_shared_utilsTests_harness_ios_shared_utilsTests.framework */,
			);
			name = Frameworks;
			sourceTree = "<group>";
		};
		F59A1C6EB21C1085CA554338 /* Pods */ = {
			isa = PBXGroup;
			children = (
				8AA6EB04656CAB0A37FAEA09 /* Pods-shared-utilsTests-harness-ios.debug.xcconfig */,
				868442FEC215EB0D978D1FDA /* Pods-shared-utilsTests-harness-ios.release.xcconfig */,
				BDD058ABCCA8CE3CE5B9D150 /* Pods-shared-utilsTests-harness-ios-shared-utilsTests.debug.xcconfig */,
				0BED3BDE1605B8C292505CEB /* Pods-shared-utilsTests-harness-ios-shared-utilsTests.release.xcconfig */,
			);
			name = Pods;
			sourceTree = "<group>";
		};
/* End PBXGroup section */

/* Begin PBXNativeTarget section */
		494822C91E6B7945003DD4EC /* shared-utilsTests */ = {
			isa = PBXNativeTarget;
			buildConfigurationList = 494822D61E6B7945003DD4EC /* Build configuration list for PBXNativeTarget "shared-utilsTests" */;
			buildPhases = (
				13FC6920512B62758A6D6C41 /* [CP] Check Pods Manifest.lock */,
				494822C61E6B7945003DD4EC /* Sources */,
				494822C71E6B7945003DD4EC /* Frameworks */,
				494822C81E6B7945003DD4EC /* Resources */,
				1B21FBC536639EBC25217E54 /* [CP] Embed Pods Frameworks */,
				3257794A19D9EF6841558573 /* [CP] Copy Pods Resources */,
			);
			buildRules = (
			);
			dependencies = (
				49835A161E93499A009CC53E /* PBXTargetDependency */,
			);
			name = "shared-utilsTests";
			productName = "shared-utilsTests";
			productReference = 494822CA1E6B7945003DD4EC /* SharedUtilsTests.xctest */;
			productType = "com.apple.product-type.bundle.unit-test";
		};
		49835A021E934995009CC53E /* shared-utilsTests-harness-ios */ = {
			isa = PBXNativeTarget;
			buildConfigurationList = 49835A121E934995009CC53E /* Build configuration list for PBXNativeTarget "shared-utilsTests-harness-ios" */;
			buildPhases = (
				143F17AE2D7EE56FF70F0917 /* [CP] Check Pods Manifest.lock */,
				498359FF1E934995009CC53E /* Sources */,
				49835A001E934995009CC53E /* Frameworks */,
				49835A011E934995009CC53E /* Resources */,
				A31E43B48882043B5287760F /* [CP] Embed Pods Frameworks */,
				C74BC4FCBB1AACB6C007E9B9 /* [CP] Copy Pods Resources */,
			);
			buildRules = (
			);
			dependencies = (
			);
			name = "shared-utilsTests-harness-ios";
			productName = "shared-utilsTests-harness-ios";
			productReference = 49835A031E934995009CC53E /* shared-utilsTests-harness-ios.app */;
			productType = "com.apple.product-type.application";
		};
/* End PBXNativeTarget section */

/* Begin PBXProject section */
		494821571E6B4E28003DD4EC /* Project object */ = {
			isa = PBXProject;
			attributes = {
				LastSwiftUpdateCheck = 0830;
				LastUpgradeCheck = 0830;
				TargetAttributes = {
					494822C91E6B7945003DD4EC = {
						CreatedOnToolsVersion = 8.2.1;
						DevelopmentTeam = APR23SDATL;
						LastSwiftMigration = 0900;
						ProvisioningStyle = Automatic;
						TestTargetID = 49835A021E934995009CC53E;
					};
					49835A021E934995009CC53E = {
						CreatedOnToolsVersion = 8.3;
						DevelopmentTeam = APR23SDATL;
						LastSwiftMigration = 0900;
						ProvisioningStyle = Automatic;
					};
				};
			};
			buildConfigurationList = 4948215A1E6B4E28003DD4EC /* Build configuration list for PBXProject "shared-utils-tests" */;
			compatibilityVersion = "Xcode 3.2";
			developmentRegion = English;
			hasScannedForEncodings = 0;
			knownRegions = (
				en,
				Base,
			);
			mainGroup = 494821561E6B4E28003DD4EC;
			productRefGroup = 494821621E6B4EA5003DD4EC /* Products */;
			projectDirPath = "";
			projectRoot = "";
			targets = (
				494822C91E6B7945003DD4EC /* shared-utilsTests */,
				49835A021E934995009CC53E /* shared-utilsTests-harness-ios */,
			);
		};
/* End PBXProject section */

/* Begin PBXResourcesBuildPhase section */
		494822C81E6B7945003DD4EC /* Resources */ = {
			isa = PBXResourcesBuildPhase;
			buildActionMask = 2147483647;
			files = (
			);
			runOnlyForDeploymentPostprocessing = 0;
		};
		49835A011E934995009CC53E /* Resources */ = {
			isa = PBXResourcesBuildPhase;
			buildActionMask = 2147483647;
			files = (
				49835A101E934995009CC53E /* LaunchScreen.storyboard in Resources */,
				49835A0D1E934995009CC53E /* Assets.xcassets in Resources */,
				49835A0B1E934995009CC53E /* Main.storyboard in Resources */,
			);
			runOnlyForDeploymentPostprocessing = 0;
		};
/* End PBXResourcesBuildPhase section */

/* Begin PBXShellScriptBuildPhase section */
		13FC6920512B62758A6D6C41 /* [CP] Check Pods Manifest.lock */ = {
			isa = PBXShellScriptBuildPhase;
			buildActionMask = 2147483647;
			files = (
			);
			inputPaths = (
			);
			name = "[CP] Check Pods Manifest.lock";
			outputPaths = (
			);
			runOnlyForDeploymentPostprocessing = 0;
			shellPath = /bin/sh;
			shellScript = "diff \"${PODS_PODFILE_DIR_PATH}/Podfile.lock\" \"${PODS_ROOT}/Manifest.lock\" > /dev/null\nif [ $? != 0 ] ; then\n    # print error to STDERR\n    echo \"error: The sandbox is not in sync with the Podfile.lock. Run 'pod install' or update your CocoaPods installation.\" >&2\n    exit 1\nfi\n";
			showEnvVarsInLog = 0;
		};
		143F17AE2D7EE56FF70F0917 /* [CP] Check Pods Manifest.lock */ = {
			isa = PBXShellScriptBuildPhase;
			buildActionMask = 2147483647;
			files = (
			);
			inputPaths = (
			);
			name = "[CP] Check Pods Manifest.lock";
			outputPaths = (
			);
			runOnlyForDeploymentPostprocessing = 0;
			shellPath = /bin/sh;
			shellScript = "diff \"${PODS_PODFILE_DIR_PATH}/Podfile.lock\" \"${PODS_ROOT}/Manifest.lock\" > /dev/null\nif [ $? != 0 ] ; then\n    # print error to STDERR\n    echo \"error: The sandbox is not in sync with the Podfile.lock. Run 'pod install' or update your CocoaPods installation.\" >&2\n    exit 1\nfi\n";
			showEnvVarsInLog = 0;
		};
		1B21FBC536639EBC25217E54 /* [CP] Embed Pods Frameworks */ = {
			isa = PBXShellScriptBuildPhase;
			buildActionMask = 2147483647;
			files = (
			);
			inputPaths = (
			);
			name = "[CP] Embed Pods Frameworks";
			outputPaths = (
			);
			runOnlyForDeploymentPostprocessing = 0;
			shellPath = /bin/sh;
			shellScript = "\"${SRCROOT}/../Pods/Target Support Files/Pods-shared-utilsTests-harness-ios-shared-utilsTests/Pods-shared-utilsTests-harness-ios-shared-utilsTests-frameworks.sh\"\n";
			showEnvVarsInLog = 0;
		};
		3257794A19D9EF6841558573 /* [CP] Copy Pods Resources */ = {
			isa = PBXShellScriptBuildPhase;
			buildActionMask = 2147483647;
			files = (
			);
			inputPaths = (
			);
			name = "[CP] Copy Pods Resources";
			outputPaths = (
			);
			runOnlyForDeploymentPostprocessing = 0;
			shellPath = /bin/sh;
			shellScript = "\"${SRCROOT}/../Pods/Target Support Files/Pods-shared-utilsTests-harness-ios-shared-utilsTests/Pods-shared-utilsTests-harness-ios-shared-utilsTests-resources.sh\"\n";
			showEnvVarsInLog = 0;
		};
		A31E43B48882043B5287760F /* [CP] Embed Pods Frameworks */ = {
			isa = PBXShellScriptBuildPhase;
			buildActionMask = 2147483647;
			files = (
			);
			inputPaths = (
			);
			name = "[CP] Embed Pods Frameworks";
			outputPaths = (
			);
			runOnlyForDeploymentPostprocessing = 0;
			shellPath = /bin/sh;
			shellScript = "\"${SRCROOT}/../Pods/Target Support Files/Pods-shared-utilsTests-harness-ios/Pods-shared-utilsTests-harness-ios-frameworks.sh\"\n";
			showEnvVarsInLog = 0;
		};
		C74BC4FCBB1AACB6C007E9B9 /* [CP] Copy Pods Resources */ = {
			isa = PBXShellScriptBuildPhase;
			buildActionMask = 2147483647;
			files = (
			);
			inputPaths = (
			);
			name = "[CP] Copy Pods Resources";
			outputPaths = (
			);
			runOnlyForDeploymentPostprocessing = 0;
			shellPath = /bin/sh;
			shellScript = "\"${SRCROOT}/../Pods/Target Support Files/Pods-shared-utilsTests-harness-ios/Pods-shared-utilsTests-harness-ios-resources.sh\"\n";
			showEnvVarsInLog = 0;
		};
/* End PBXShellScriptBuildPhase section */

/* Begin PBXSourcesBuildPhase section */
		494822C61E6B7945003DD4EC /* Sources */ = {
			isa = PBXSourcesBuildPhase;
			buildActionMask = 2147483647;
			files = (
				495760391F18473F003E976F /* NSDate+TimeSince.m in Sources */,
				495760511F18473F003E976F /* UIViewController+ChildViewControllers.swift in Sources */,
				4957604E1F18473F003E976F /* DismissableModalViewController.swift in Sources */,
				4957604D1F18473F003E976F /* BlurViewController.swift in Sources */,
				4957603C1F18473F003E976F /* DebugController.swift in Sources */,
				4957603E1F18473F003E976F /* LogController.swift in Sources */,
				495760421F18473F003E976F /* String+rDNS.swift in Sources */,
				4957603F1F18473F003E976F /* Types.swift in Sources */,
				49C4DF821E78E91600103663 /* String+NumericValues_Test.swift in Sources */,
				495760311F18473F003E976F /* Array+Search.swift in Sources */,
				495760471F18473F003E976F /* UIDevice+Idioms.swift in Sources */,
				493FE8CC1EAC6CB700D15C6A /* AppDelegate.swift in Sources */,
				4957604B1F18473F003E976F /* UITextFieldFactory.swift in Sources */,
				4957604A1F18473F003E976F /* TextFieldTableViewCell.swift in Sources */,
				495760531F18473F003E976F /* Build.swift in Sources */,
				493FE8CD1EAC6CB700D15C6A /* ViewController.swift in Sources */,
				49A5BE291E7A4FA400F59393 /* Array+Search_Test.swift in Sources */,
				495760441F18473F003E976F /* UIButtonFactory.swift in Sources */,
				495760361F18473F003E976F /* IndexPath+Common.swift in Sources */,
				495760461F18473F003E976F /* MoreColors.swift in Sources */,
				495760501F18473F003E976F /* TransparentModalPresentingViewController.swift in Sources */,
				4957604C1F18473F003E976F /* UIView+Layout.swift in Sources */,
				495760491F18473F003E976F /* UILabelFactory.swift in Sources */,
				495760341F18473F003E976F /* AuthorizedCLLocationManager.swift in Sources */,
				495760431F18473F003E976F /* UIAlertControllerFactory.swift in Sources */,
				4957603A1F18473F003E976F /* BugReportingController.swift in Sources */,
				495760541F18473F003E976F /* SemanticVersion.swift in Sources */,
				495760521F18473F003E976F /* ULLONG_MAX.swift in Sources */,
				495760381F18473F003E976F /* NSDate+DateComponents.m in Sources */,
				4957604F1F18473F003E976F /* InfoViewController.swift in Sources */,
				4957603B1F18473F003E976F /* CoreDataController.swift in Sources */,
				495760351F18473F003E976F /* CoreData+Utils.swift in Sources */,
				495760321F18473F003E976F /* Tribool.swift in Sources */,
				49A5BE2B1E7A4FBD00F59393 /* Tribool_Test.swift in Sources */,
				4957603D1F18473F003E976F /* FormController.swift in Sources */,
				495760331F18473F003E976F /* Operations.swift in Sources */,
				495760411F18473F003E976F /* String+NumericValues.swift in Sources */,
				495760451F18473F003E976F /* ColorComponents.swift in Sources */,
				495760371F18473F003E976F /* NSBundle+PlistValues.swift in Sources */,
				495760481F18473F003E976F /* MaybeFont.swift in Sources */,
			);
			runOnlyForDeploymentPostprocessing = 0;
		};
		498359FF1E934995009CC53E /* Sources */ = {
			isa = PBXSourcesBuildPhase;
			buildActionMask = 2147483647;
			files = (
				49835A081E934995009CC53E /* ViewController.swift in Sources */,
				49835A061E934995009CC53E /* AppDelegate.swift in Sources */,
			);
			runOnlyForDeploymentPostprocessing = 0;
		};
/* End PBXSourcesBuildPhase section */

/* Begin PBXTargetDependency section */
		49835A161E93499A009CC53E /* PBXTargetDependency */ = {
			isa = PBXTargetDependency;
			target = 49835A021E934995009CC53E /* shared-utilsTests-harness-ios */;
			targetProxy = 49835A151E93499A009CC53E /* PBXContainerItemProxy */;
		};
/* End PBXTargetDependency section */

/* Begin PBXVariantGroup section */
		49835A091E934995009CC53E /* Main.storyboard */ = {
			isa = PBXVariantGroup;
			children = (
				49835A0A1E934995009CC53E /* Base */,
			);
			name = Main.storyboard;
			sourceTree = "<group>";
		};
		49835A0E1E934995009CC53E /* LaunchScreen.storyboard */ = {
			isa = PBXVariantGroup;
			children = (
				49835A0F1E934995009CC53E /* Base */,
			);
			name = LaunchScreen.storyboard;
			sourceTree = "<group>";
		};
/* End PBXVariantGroup section */

/* Begin XCBuildConfiguration section */
		4948215B1E6B4E28003DD4EC /* Debug */ = {
			isa = XCBuildConfiguration;
			buildSettings = {
				CLANG_WARN_BOOL_CONVERSION = YES;
				CLANG_WARN_CONSTANT_CONVERSION = YES;
				CLANG_WARN_EMPTY_BODY = YES;
				CLANG_WARN_ENUM_CONVERSION = YES;
				CLANG_WARN_INFINITE_RECURSION = YES;
				CLANG_WARN_INT_CONVERSION = YES;
				CLANG_WARN_SUSPICIOUS_MOVE = YES;
				CLANG_WARN_UNREACHABLE_CODE = YES;
				CLANG_WARN__DUPLICATE_METHOD_MATCH = YES;
				ENABLE_STRICT_OBJC_MSGSEND = YES;
				ENABLE_TESTABILITY = YES;
				GCC_NO_COMMON_BLOCKS = YES;
				GCC_WARN_64_TO_32_BIT_CONVERSION = YES;
				GCC_WARN_ABOUT_RETURN_TYPE = YES;
				GCC_WARN_UNDECLARED_SELECTOR = YES;
				GCC_WARN_UNINITIALIZED_AUTOS = YES;
				GCC_WARN_UNUSED_FUNCTION = YES;
				GCC_WARN_UNUSED_VARIABLE = YES;
				ONLY_ACTIVE_ARCH = YES;
				SWIFT_SWIFT3_OBJC_INFERENCE = Default;
			};
			name = Debug;
		};
		4948215C1E6B4E28003DD4EC /* Release */ = {
			isa = XCBuildConfiguration;
			buildSettings = {
				CLANG_WARN_BOOL_CONVERSION = YES;
				CLANG_WARN_CONSTANT_CONVERSION = YES;
				CLANG_WARN_EMPTY_BODY = YES;
				CLANG_WARN_ENUM_CONVERSION = YES;
				CLANG_WARN_INFINITE_RECURSION = YES;
				CLANG_WARN_INT_CONVERSION = YES;
				CLANG_WARN_SUSPICIOUS_MOVE = YES;
				CLANG_WARN_UNREACHABLE_CODE = YES;
				CLANG_WARN__DUPLICATE_METHOD_MATCH = YES;
				ENABLE_STRICT_OBJC_MSGSEND = YES;
				GCC_NO_COMMON_BLOCKS = YES;
				GCC_WARN_64_TO_32_BIT_CONVERSION = YES;
				GCC_WARN_ABOUT_RETURN_TYPE = YES;
				GCC_WARN_UNDECLARED_SELECTOR = YES;
				GCC_WARN_UNINITIALIZED_AUTOS = YES;
				GCC_WARN_UNUSED_FUNCTION = YES;
				GCC_WARN_UNUSED_VARIABLE = YES;
				SWIFT_SWIFT3_OBJC_INFERENCE = Default;
			};
			name = Release;
		};
		494822D71E6B7945003DD4EC /* Debug */ = {
			isa = XCBuildConfiguration;
			baseConfigurationReference = BDD058ABCCA8CE3CE5B9D150 /* Pods-shared-utilsTests-harness-ios-shared-utilsTests.debug.xcconfig */;
			buildSettings = {
				ALWAYS_SEARCH_USER_PATHS = NO;
				CLANG_ANALYZER_NONNULL = YES;
				CLANG_CXX_LANGUAGE_STANDARD = "gnu++0x";
				CLANG_CXX_LIBRARY = "libc++";
				CLANG_ENABLE_MODULES = YES;
				CLANG_ENABLE_OBJC_ARC = YES;
				CLANG_WARN_BOOL_CONVERSION = YES;
				CLANG_WARN_CONSTANT_CONVERSION = YES;
				CLANG_WARN_DIRECT_OBJC_ISA_USAGE = YES_ERROR;
				CLANG_WARN_DOCUMENTATION_COMMENTS = YES;
				CLANG_WARN_EMPTY_BODY = YES;
				CLANG_WARN_ENUM_CONVERSION = YES;
				CLANG_WARN_INFINITE_RECURSION = YES;
				CLANG_WARN_INT_CONVERSION = YES;
				CLANG_WARN_OBJC_ROOT_CLASS = YES_ERROR;
				CLANG_WARN_SUSPICIOUS_MOVE = YES;
				CLANG_WARN_UNREACHABLE_CODE = YES;
				CLANG_WARN__DUPLICATE_METHOD_MATCH = YES;
				"CODE_SIGN_IDENTITY[sdk=iphoneos*]" = "iPhone Developer";
				COPY_PHASE_STRIP = NO;
				DEBUG_INFORMATION_FORMAT = dwarf;
				DEVELOPMENT_TEAM = APR23SDATL;
				ENABLE_STRICT_OBJC_MSGSEND = YES;
				ENABLE_TESTABILITY = YES;
				GCC_C_LANGUAGE_STANDARD = gnu99;
				GCC_DYNAMIC_NO_PIC = NO;
				GCC_NO_COMMON_BLOCKS = YES;
				GCC_OPTIMIZATION_LEVEL = 0;
				GCC_PREPROCESSOR_DEFINITIONS = (
					"DEBUG=1",
					"$(inherited)",
				);
				GCC_WARN_64_TO_32_BIT_CONVERSION = YES;
				GCC_WARN_ABOUT_RETURN_TYPE = YES_ERROR;
				GCC_WARN_UNDECLARED_SELECTOR = YES;
				GCC_WARN_UNINITIALIZED_AUTOS = YES_AGGRESSIVE;
				GCC_WARN_UNUSED_FUNCTION = YES;
				GCC_WARN_UNUSED_VARIABLE = YES;
				INFOPLIST_FILE = "shared-utilsTests/Info.plist";
				IPHONEOS_DEPLOYMENT_TARGET = 10.2;
				LD_RUNPATH_SEARCH_PATHS = "$(inherited) @executable_path/Frameworks @loader_path/Frameworks";
				MTL_ENABLE_DEBUG_INFO = YES;
				ONLY_ACTIVE_ARCH = YES;
				PRODUCT_BUNDLE_IDENTIFIER = "com.tworingsoft.shared-utilsTests";
				PRODUCT_NAME = SharedUtilsTests;
				PROVISIONING_PROFILE_SPECIFIER = "";
				SDKROOT = iphoneos;
				SWIFT_ACTIVE_COMPILATION_CONDITIONS = DEBUG;
				SWIFT_OPTIMIZATION_LEVEL = "-Onone";
				SWIFT_VERSION = 4.0;
				TEST_HOST = "$(BUILT_PRODUCTS_DIR)/shared-utilsTests-harness-ios.app/shared-utilsTests-harness-ios";
			};
			name = Debug;
		};
		494822D81E6B7945003DD4EC /* Release */ = {
			isa = XCBuildConfiguration;
			baseConfigurationReference = 0BED3BDE1605B8C292505CEB /* Pods-shared-utilsTests-harness-ios-shared-utilsTests.release.xcconfig */;
			buildSettings = {
				ALWAYS_SEARCH_USER_PATHS = NO;
				CLANG_ANALYZER_NONNULL = YES;
				CLANG_CXX_LANGUAGE_STANDARD = "gnu++0x";
				CLANG_CXX_LIBRARY = "libc++";
				CLANG_ENABLE_MODULES = YES;
				CLANG_ENABLE_OBJC_ARC = YES;
				CLANG_WARN_BOOL_CONVERSION = YES;
				CLANG_WARN_CONSTANT_CONVERSION = YES;
				CLANG_WARN_DIRECT_OBJC_ISA_USAGE = YES_ERROR;
				CLANG_WARN_DOCUMENTATION_COMMENTS = YES;
				CLANG_WARN_EMPTY_BODY = YES;
				CLANG_WARN_ENUM_CONVERSION = YES;
				CLANG_WARN_INFINITE_RECURSION = YES;
				CLANG_WARN_INT_CONVERSION = YES;
				CLANG_WARN_OBJC_ROOT_CLASS = YES_ERROR;
				CLANG_WARN_SUSPICIOUS_MOVE = YES;
				CLANG_WARN_UNREACHABLE_CODE = YES;
				CLANG_WARN__DUPLICATE_METHOD_MATCH = YES;
				"CODE_SIGN_IDENTITY[sdk=iphoneos*]" = "iPhone Developer";
				COPY_PHASE_STRIP = NO;
				DEBUG_INFORMATION_FORMAT = "dwarf-with-dsym";
				DEVELOPMENT_TEAM = APR23SDATL;
				ENABLE_NS_ASSERTIONS = NO;
				ENABLE_STRICT_OBJC_MSGSEND = YES;
				GCC_C_LANGUAGE_STANDARD = gnu99;
				GCC_NO_COMMON_BLOCKS = YES;
				GCC_WARN_64_TO_32_BIT_CONVERSION = YES;
				GCC_WARN_ABOUT_RETURN_TYPE = YES_ERROR;
				GCC_WARN_UNDECLARED_SELECTOR = YES;
				GCC_WARN_UNINITIALIZED_AUTOS = YES_AGGRESSIVE;
				GCC_WARN_UNUSED_FUNCTION = YES;
				GCC_WARN_UNUSED_VARIABLE = YES;
				INFOPLIST_FILE = "shared-utilsTests/Info.plist";
				IPHONEOS_DEPLOYMENT_TARGET = 10.2;
				LD_RUNPATH_SEARCH_PATHS = "$(inherited) @executable_path/Frameworks @loader_path/Frameworks";
				MTL_ENABLE_DEBUG_INFO = NO;
				PRODUCT_BUNDLE_IDENTIFIER = "com.tworingsoft.shared-utilsTests";
				PRODUCT_NAME = SharedUtilsTests;
				PROVISIONING_PROFILE_SPECIFIER = "";
				SDKROOT = iphoneos;
				SWIFT_OPTIMIZATION_LEVEL = "-Owholemodule";
				SWIFT_VERSION = 4.0;
				TEST_HOST = "$(BUILT_PRODUCTS_DIR)/shared-utilsTests-harness-ios.app/shared-utilsTests-harness-ios";
				VALIDATE_PRODUCT = YES;
			};
			name = Release;
		};
		49835A131E934995009CC53E /* Debug */ = {
			isa = XCBuildConfiguration;
			baseConfigurationReference = 8AA6EB04656CAB0A37FAEA09 /* Pods-shared-utilsTests-harness-ios.debug.xcconfig */;
			buildSettings = {
				ALWAYS_SEARCH_USER_PATHS = NO;
				ASSETCATALOG_COMPILER_APPICON_NAME = AppIcon;
				CLANG_ANALYZER_NONNULL = YES;
				CLANG_ANALYZER_NUMBER_OBJECT_CONVERSION = YES_AGGRESSIVE;
				CLANG_CXX_LANGUAGE_STANDARD = "gnu++0x";
				CLANG_CXX_LIBRARY = "libc++";
				CLANG_ENABLE_MODULES = YES;
				CLANG_ENABLE_OBJC_ARC = YES;
				CLANG_WARN_DIRECT_OBJC_ISA_USAGE = YES_ERROR;
				CLANG_WARN_DOCUMENTATION_COMMENTS = YES;
				CLANG_WARN_OBJC_ROOT_CLASS = YES_ERROR;
				"CODE_SIGN_IDENTITY[sdk=iphoneos*]" = "iPhone Developer";
				COPY_PHASE_STRIP = NO;
				DEBUG_INFORMATION_FORMAT = dwarf;
				DEVELOPMENT_TEAM = APR23SDATL;
				GCC_C_LANGUAGE_STANDARD = gnu99;
				GCC_DYNAMIC_NO_PIC = NO;
				GCC_OPTIMIZATION_LEVEL = 0;
				GCC_PREPROCESSOR_DEFINITIONS = (
					"DEBUG=1",
					"$(inherited)",
				);
				GCC_WARN_ABOUT_RETURN_TYPE = YES_ERROR;
				GCC_WARN_UNINITIALIZED_AUTOS = YES_AGGRESSIVE;
				INFOPLIST_FILE = "shared-utilsTests-harness-ios/Info.plist";
				IPHONEOS_DEPLOYMENT_TARGET = 10.3;
				LD_RUNPATH_SEARCH_PATHS = "$(inherited) @executable_path/Frameworks";
				MTL_ENABLE_DEBUG_INFO = YES;
				PRODUCT_BUNDLE_IDENTIFIER = "com.tworingsoft.shared-utilsTests-harness-ios";
				PRODUCT_NAME = "$(TARGET_NAME)";
				SDKROOT = iphoneos;
				SWIFT_ACTIVE_COMPILATION_CONDITIONS = DEBUG;
				SWIFT_OPTIMIZATION_LEVEL = "-Onone";
				SWIFT_VERSION = 3.0;
				TARGETED_DEVICE_FAMILY = "1,2";
			};
			name = Debug;
		};
		49835A141E934995009CC53E /* Release */ = {
			isa = XCBuildConfiguration;
			baseConfigurationReference = 868442FEC215EB0D978D1FDA /* Pods-shared-utilsTests-harness-ios.release.xcconfig */;
			buildSettings = {
				ALWAYS_SEARCH_USER_PATHS = NO;
				ASSETCATALOG_COMPILER_APPICON_NAME = AppIcon;
				CLANG_ANALYZER_NONNULL = YES;
				CLANG_ANALYZER_NUMBER_OBJECT_CONVERSION = YES_AGGRESSIVE;
				CLANG_CXX_LANGUAGE_STANDARD = "gnu++0x";
				CLANG_CXX_LIBRARY = "libc++";
				CLANG_ENABLE_MODULES = YES;
				CLANG_ENABLE_OBJC_ARC = YES;
				CLANG_WARN_DIRECT_OBJC_ISA_USAGE = YES_ERROR;
				CLANG_WARN_DOCUMENTATION_COMMENTS = YES;
				CLANG_WARN_OBJC_ROOT_CLASS = YES_ERROR;
				"CODE_SIGN_IDENTITY[sdk=iphoneos*]" = "iPhone Developer";
				COPY_PHASE_STRIP = NO;
				DEBUG_INFORMATION_FORMAT = "dwarf-with-dsym";
				DEVELOPMENT_TEAM = APR23SDATL;
				ENABLE_NS_ASSERTIONS = NO;
				GCC_C_LANGUAGE_STANDARD = gnu99;
				GCC_WARN_ABOUT_RETURN_TYPE = YES_ERROR;
				GCC_WARN_UNINITIALIZED_AUTOS = YES_AGGRESSIVE;
				INFOPLIST_FILE = "shared-utilsTests-harness-ios/Info.plist";
				IPHONEOS_DEPLOYMENT_TARGET = 10.3;
				LD_RUNPATH_SEARCH_PATHS = "$(inherited) @executable_path/Frameworks";
				MTL_ENABLE_DEBUG_INFO = NO;
				PRODUCT_BUNDLE_IDENTIFIER = "com.tworingsoft.shared-utilsTests-harness-ios";
				PRODUCT_NAME = "$(TARGET_NAME)";
				SDKROOT = iphoneos;
				SWIFT_OPTIMIZATION_LEVEL = "-Owholemodule";
				SWIFT_VERSION = 3.0;
				TARGETED_DEVICE_FAMILY = "1,2";
				VALIDATE_PRODUCT = YES;
			};
			name = Release;
		};
/* End XCBuildConfiguration section */

/* Begin XCConfigurationList section */
		4948215A1E6B4E28003DD4EC /* Build configuration list for PBXProject "shared-utils-tests" */ = {
			isa = XCConfigurationList;
			buildConfigurations = (
				4948215B1E6B4E28003DD4EC /* Debug */,
				4948215C1E6B4E28003DD4EC /* Release */,
			);
			defaultConfigurationIsVisible = 0;
			defaultConfigurationName = Release;
		};
		494822D61E6B7945003DD4EC /* Build configuration list for PBXNativeTarget "shared-utilsTests" */ = {
			isa = XCConfigurationList;
			buildConfigurations = (
				494822D71E6B7945003DD4EC /* Debug */,
				494822D81E6B7945003DD4EC /* Release */,
			);
			defaultConfigurationIsVisible = 0;
			defaultConfigurationName = Release;
		};
		49835A121E934995009CC53E /* Build configuration list for PBXNativeTarget "shared-utilsTests-harness-ios" */ = {
			isa = XCConfigurationList;
			buildConfigurations = (
				49835A131E934995009CC53E /* Debug */,
				49835A141E934995009CC53E /* Release */,
			);
			defaultConfigurationIsVisible = 0;
			defaultConfigurationName = Release;
		};
/* End XCConfigurationList section */
	};
	rootObject = 494821571E6B4E28003DD4EC /* Project object */;
}
