// !$*UTF8*$!
{
	archiveVersion = 1;
	classes = {
	};
	objectVersion = 46;
	objects = {

/* Begin PBXBuildFile section */
		024D8CBC4084391D6361CAD5 /* Pods_PippinTestPods_PippinUITests.framework in Frameworks */ = {isa = PBXBuildFile; fileRef = C96F18B8C32947BCC1422DA1 /* Pods_PippinTestPods_PippinUITests.framework */; };
		4907828721585E3D0024748B /* PippinUITests.swift in Sources */ = {isa = PBXBuildFile; fileRef = 4907828621585E3D0024748B /* PippinUITests.swift */; };
		495CE05520F25BE900A72C80 /* PippinUnitTests.swift in Sources */ = {isa = PBXBuildFile; fileRef = 495CE05420F25BE900A72C80 /* PippinUnitTests.swift */; };
		49835A061E934995009CC53E /* AppDelegate.swift in Sources */ = {isa = PBXBuildFile; fileRef = 49835A051E934995009CC53E /* AppDelegate.swift */; };
		49835A081E934995009CC53E /* ViewController.swift in Sources */ = {isa = PBXBuildFile; fileRef = 49835A071E934995009CC53E /* ViewController.swift */; };
		49835A0B1E934995009CC53E /* Main.storyboard in Resources */ = {isa = PBXBuildFile; fileRef = 49835A091E934995009CC53E /* Main.storyboard */; };
		49835A0D1E934995009CC53E /* Assets.xcassets in Resources */ = {isa = PBXBuildFile; fileRef = 49835A0C1E934995009CC53E /* Assets.xcassets */; };
		49835A101E934995009CC53E /* LaunchScreen.storyboard in Resources */ = {isa = PBXBuildFile; fileRef = 49835A0E1E934995009CC53E /* LaunchScreen.storyboard */; };
		4D62203FDAD88C5D56812650 /* Pods_PippinTestPods_PippinUnitTests.framework in Frameworks */ = {isa = PBXBuildFile; fileRef = 94A6EBF3E65ABF9CF3469C9F /* Pods_PippinTestPods_PippinUnitTests.framework */; };
		8271189AD3D05D944346322D /* Pods_PippinPods_PippinTestHarness.framework in Frameworks */ = {isa = PBXBuildFile; fileRef = 93ADDD6B188754B217C84495 /* Pods_PippinPods_PippinTestHarness.framework */; };
/* End PBXBuildFile section */

/* Begin PBXContainerItemProxy section */
		4907828921585E3D0024748B /* PBXContainerItemProxy */ = {
			isa = PBXContainerItemProxy;
			containerPortal = 494821571E6B4E28003DD4EC /* Project object */;
			proxyType = 1;
			remoteGlobalIDString = 49835A021E934995009CC53E;
			remoteInfo = PippinTestHarness;
		};
		495CE05720F25BE900A72C80 /* PBXContainerItemProxy */ = {
			isa = PBXContainerItemProxy;
			containerPortal = 494821571E6B4E28003DD4EC /* Project object */;
			proxyType = 1;
			remoteGlobalIDString = 49835A021E934995009CC53E;
			remoteInfo = PippinTestHarness;
		};
/* End PBXContainerItemProxy section */

/* Begin PBXFileReference section */
		4907828421585E3D0024748B /* PippinUITests.xctest */ = {isa = PBXFileReference; explicitFileType = wrapper.cfbundle; includeInIndex = 0; path = PippinUITests.xctest; sourceTree = BUILT_PRODUCTS_DIR; };
		4907828621585E3D0024748B /* PippinUITests.swift */ = {isa = PBXFileReference; lastKnownFileType = sourcecode.swift; path = PippinUITests.swift; sourceTree = "<group>"; };
		4907828821585E3D0024748B /* Info.plist */ = {isa = PBXFileReference; lastKnownFileType = text.plist.xml; path = Info.plist; sourceTree = "<group>"; };
		495CE05220F25BE900A72C80 /* PippinUnitTests.xctest */ = {isa = PBXFileReference; explicitFileType = wrapper.cfbundle; includeInIndex = 0; path = PippinUnitTests.xctest; sourceTree = BUILT_PRODUCTS_DIR; };
		495CE05420F25BE900A72C80 /* PippinUnitTests.swift */ = {isa = PBXFileReference; lastKnownFileType = sourcecode.swift; path = PippinUnitTests.swift; sourceTree = "<group>"; };
		495CE05620F25BE900A72C80 /* Info.plist */ = {isa = PBXFileReference; lastKnownFileType = text.plist.xml; path = Info.plist; sourceTree = "<group>"; };
		49835A031E934995009CC53E /* PippinTestHarness.app */ = {isa = PBXFileReference; explicitFileType = wrapper.application; includeInIndex = 0; path = PippinTestHarness.app; sourceTree = BUILT_PRODUCTS_DIR; };
		49835A051E934995009CC53E /* AppDelegate.swift */ = {isa = PBXFileReference; lastKnownFileType = sourcecode.swift; path = AppDelegate.swift; sourceTree = "<group>"; };
		49835A071E934995009CC53E /* ViewController.swift */ = {isa = PBXFileReference; lastKnownFileType = sourcecode.swift; path = ViewController.swift; sourceTree = "<group>"; };
		49835A0A1E934995009CC53E /* Base */ = {isa = PBXFileReference; lastKnownFileType = file.storyboard; name = Base; path = Base.lproj/Main.storyboard; sourceTree = "<group>"; };
		49835A0C1E934995009CC53E /* Assets.xcassets */ = {isa = PBXFileReference; lastKnownFileType = folder.assetcatalog; path = Assets.xcassets; sourceTree = "<group>"; };
		49835A0F1E934995009CC53E /* Base */ = {isa = PBXFileReference; lastKnownFileType = file.storyboard; name = Base; path = Base.lproj/LaunchScreen.storyboard; sourceTree = "<group>"; };
		49835A111E934995009CC53E /* Info.plist */ = {isa = PBXFileReference; lastKnownFileType = text.plist.xml; path = Info.plist; sourceTree = "<group>"; };
		54B57BB22B7692B235CE7CA4 /* Pods-PippinTestPods-PippinUITests.release.xcconfig */ = {isa = PBXFileReference; includeInIndex = 1; lastKnownFileType = text.xcconfig; name = "Pods-PippinTestPods-PippinUITests.release.xcconfig"; path = "Pods/Target Support Files/Pods-PippinTestPods-PippinUITests/Pods-PippinTestPods-PippinUITests.release.xcconfig"; sourceTree = "<group>"; };
		89AD3D3E8B0A2B93169D5954 /* Pods-PippinTestPods-PippinUnitTests.debug.xcconfig */ = {isa = PBXFileReference; includeInIndex = 1; lastKnownFileType = text.xcconfig; name = "Pods-PippinTestPods-PippinUnitTests.debug.xcconfig"; path = "Pods/Target Support Files/Pods-PippinTestPods-PippinUnitTests/Pods-PippinTestPods-PippinUnitTests.debug.xcconfig"; sourceTree = "<group>"; };
		928B13E6C8139E5FD5000207 /* Pods-PippinTestPods-PippinUITests.debug.xcconfig */ = {isa = PBXFileReference; includeInIndex = 1; lastKnownFileType = text.xcconfig; name = "Pods-PippinTestPods-PippinUITests.debug.xcconfig"; path = "Pods/Target Support Files/Pods-PippinTestPods-PippinUITests/Pods-PippinTestPods-PippinUITests.debug.xcconfig"; sourceTree = "<group>"; };
		93ADDD6B188754B217C84495 /* Pods_PippinPods_PippinTestHarness.framework */ = {isa = PBXFileReference; explicitFileType = wrapper.framework; includeInIndex = 0; path = Pods_PippinPods_PippinTestHarness.framework; sourceTree = BUILT_PRODUCTS_DIR; };
		94A6EBF3E65ABF9CF3469C9F /* Pods_PippinTestPods_PippinUnitTests.framework */ = {isa = PBXFileReference; explicitFileType = wrapper.framework; includeInIndex = 0; path = Pods_PippinTestPods_PippinUnitTests.framework; sourceTree = BUILT_PRODUCTS_DIR; };
		C96F18B8C32947BCC1422DA1 /* Pods_PippinTestPods_PippinUITests.framework */ = {isa = PBXFileReference; explicitFileType = wrapper.framework; includeInIndex = 0; path = Pods_PippinTestPods_PippinUITests.framework; sourceTree = BUILT_PRODUCTS_DIR; };
		DAA7B2090ADEAC32159C991F /* Pods-PippinPods-PippinTestHarness.debug.xcconfig */ = {isa = PBXFileReference; includeInIndex = 1; lastKnownFileType = text.xcconfig; name = "Pods-PippinPods-PippinTestHarness.debug.xcconfig"; path = "Pods/Target Support Files/Pods-PippinPods-PippinTestHarness/Pods-PippinPods-PippinTestHarness.debug.xcconfig"; sourceTree = "<group>"; };
		E267FC9BC4C60AC9929D9941 /* Pods-PippinTestPods-PippinUnitTests.release.xcconfig */ = {isa = PBXFileReference; includeInIndex = 1; lastKnownFileType = text.xcconfig; name = "Pods-PippinTestPods-PippinUnitTests.release.xcconfig"; path = "Pods/Target Support Files/Pods-PippinTestPods-PippinUnitTests/Pods-PippinTestPods-PippinUnitTests.release.xcconfig"; sourceTree = "<group>"; };
		FA50C5CD7B480034F0C6CA72 /* Pods-PippinPods-PippinTestHarness.release.xcconfig */ = {isa = PBXFileReference; includeInIndex = 1; lastKnownFileType = text.xcconfig; name = "Pods-PippinPods-PippinTestHarness.release.xcconfig"; path = "Pods/Target Support Files/Pods-PippinPods-PippinTestHarness/Pods-PippinPods-PippinTestHarness.release.xcconfig"; sourceTree = "<group>"; };
/* End PBXFileReference section */

/* Begin PBXFrameworksBuildPhase section */
		4907828121585E3D0024748B /* Frameworks */ = {
			isa = PBXFrameworksBuildPhase;
			buildActionMask = 2147483647;
			files = (
				024D8CBC4084391D6361CAD5 /* Pods_PippinTestPods_PippinUITests.framework in Frameworks */,
			);
			runOnlyForDeploymentPostprocessing = 0;
		};
		495CE04F20F25BE900A72C80 /* Frameworks */ = {
			isa = PBXFrameworksBuildPhase;
			buildActionMask = 2147483647;
			files = (
				4D62203FDAD88C5D56812650 /* Pods_PippinTestPods_PippinUnitTests.framework in Frameworks */,
			);
			runOnlyForDeploymentPostprocessing = 0;
		};
		49835A001E934995009CC53E /* Frameworks */ = {
			isa = PBXFrameworksBuildPhase;
			buildActionMask = 2147483647;
			files = (
				8271189AD3D05D944346322D /* Pods_PippinPods_PippinTestHarness.framework in Frameworks */,
			);
			runOnlyForDeploymentPostprocessing = 0;
		};
/* End PBXFrameworksBuildPhase section */

/* Begin PBXGroup section */
		4907828521585E3D0024748B /* PippinUITests */ = {
			isa = PBXGroup;
			children = (
				4907828621585E3D0024748B /* PippinUITests.swift */,
				4907828821585E3D0024748B /* Info.plist */,
			);
			path = PippinUITests;
			sourceTree = "<group>";
		};
		494821561E6B4E28003DD4EC = {
			isa = PBXGroup;
			children = (
				49835A041E934995009CC53E /* PippinTestHarness */,
				4907828521585E3D0024748B /* PippinUITests */,
				495CE05320F25BE900A72C80 /* PippinUnitTests */,
				494821621E6B4EA5003DD4EC /* Products */,
				8856670EBA1720F81947653B /* Pods */,
				CED50ADD866B1A422491DBA4 /* Frameworks */,
			);
			sourceTree = "<group>";
		};
		494821621E6B4EA5003DD4EC /* Products */ = {
			isa = PBXGroup;
			children = (
				49835A031E934995009CC53E /* PippinTestHarness.app */,
				495CE05220F25BE900A72C80 /* PippinUnitTests.xctest */,
				4907828421585E3D0024748B /* PippinUITests.xctest */,
			);
			name = Products;
			sourceTree = "<group>";
		};
		495CE05320F25BE900A72C80 /* PippinUnitTests */ = {
			isa = PBXGroup;
			children = (
				495CE05420F25BE900A72C80 /* PippinUnitTests.swift */,
				495CE05620F25BE900A72C80 /* Info.plist */,
			);
			path = PippinUnitTests;
			sourceTree = "<group>";
		};
		49835A041E934995009CC53E /* PippinTestHarness */ = {
			isa = PBXGroup;
			children = (
				49835A051E934995009CC53E /* AppDelegate.swift */,
				49835A071E934995009CC53E /* ViewController.swift */,
				49835A091E934995009CC53E /* Main.storyboard */,
				49835A0C1E934995009CC53E /* Assets.xcassets */,
				49835A0E1E934995009CC53E /* LaunchScreen.storyboard */,
				49835A111E934995009CC53E /* Info.plist */,
			);
			name = PippinTestHarness;
			path = Pippin/PippinTestHarness;
			sourceTree = "<group>";
		};
		8856670EBA1720F81947653B /* Pods */ = {
			isa = PBXGroup;
			children = (
				DAA7B2090ADEAC32159C991F /* Pods-PippinPods-PippinTestHarness.debug.xcconfig */,
				FA50C5CD7B480034F0C6CA72 /* Pods-PippinPods-PippinTestHarness.release.xcconfig */,
				928B13E6C8139E5FD5000207 /* Pods-PippinTestPods-PippinUITests.debug.xcconfig */,
				54B57BB22B7692B235CE7CA4 /* Pods-PippinTestPods-PippinUITests.release.xcconfig */,
				89AD3D3E8B0A2B93169D5954 /* Pods-PippinTestPods-PippinUnitTests.debug.xcconfig */,
				E267FC9BC4C60AC9929D9941 /* Pods-PippinTestPods-PippinUnitTests.release.xcconfig */,
			);
			name = Pods;
			sourceTree = "<group>";
		};
		CED50ADD866B1A422491DBA4 /* Frameworks */ = {
			isa = PBXGroup;
			children = (
				93ADDD6B188754B217C84495 /* Pods_PippinPods_PippinTestHarness.framework */,
				C96F18B8C32947BCC1422DA1 /* Pods_PippinTestPods_PippinUITests.framework */,
				94A6EBF3E65ABF9CF3469C9F /* Pods_PippinTestPods_PippinUnitTests.framework */,
			);
			name = Frameworks;
			sourceTree = "<group>";
		};
/* End PBXGroup section */

/* Begin PBXNativeTarget section */
		4907828321585E3D0024748B /* PippinUITests */ = {
			isa = PBXNativeTarget;
			buildConfigurationList = 4907828D21585E3D0024748B /* Build configuration list for PBXNativeTarget "PippinUITests" */;
			buildPhases = (
				937A1EAEE863E8002AD69227 /* [CP] Check Pods Manifest.lock */,
				4907828021585E3D0024748B /* Sources */,
				4907828121585E3D0024748B /* Frameworks */,
				4907828221585E3D0024748B /* Resources */,
				69F8E45CC4B5FD337AAB3905 /* [CP] Embed Pods Frameworks */,
			);
			buildRules = (
			);
			dependencies = (
				4907828A21585E3D0024748B /* PBXTargetDependency */,
			);
			name = PippinUITests;
			productName = PippinUITests;
			productReference = 4907828421585E3D0024748B /* PippinUITests.xctest */;
			productType = "com.apple.product-type.bundle.ui-testing";
		};
		495CE05120F25BE900A72C80 /* PippinUnitTests */ = {
			isa = PBXNativeTarget;
			buildConfigurationList = 495CE05B20F25BE900A72C80 /* Build configuration list for PBXNativeTarget "PippinUnitTests" */;
			buildPhases = (
				1354BE39FB0190F5B5C53B64 /* [CP] Check Pods Manifest.lock */,
				495CE04E20F25BE900A72C80 /* Sources */,
				495CE04F20F25BE900A72C80 /* Frameworks */,
				495CE05020F25BE900A72C80 /* Resources */,
				5B83F1B46B655D6564F85A5D /* [CP] Embed Pods Frameworks */,
			);
			buildRules = (
			);
			dependencies = (
				495CE05820F25BE900A72C80 /* PBXTargetDependency */,
			);
			name = PippinUnitTests;
			productName = PippinUnitTests;
			productReference = 495CE05220F25BE900A72C80 /* PippinUnitTests.xctest */;
			productType = "com.apple.product-type.bundle.unit-test";
		};
		49835A021E934995009CC53E /* PippinTestHarness */ = {
			isa = PBXNativeTarget;
			buildConfigurationList = 49835A121E934995009CC53E /* Build configuration list for PBXNativeTarget "PippinTestHarness" */;
			buildPhases = (
				194E4375E6FC4F35F226E5BA /* [CP] Check Pods Manifest.lock */,
				498359FF1E934995009CC53E /* Sources */,
				49835A001E934995009CC53E /* Frameworks */,
				49835A011E934995009CC53E /* Resources */,
				8277A4AA63548FCC6D1E38FE /* [CP] Embed Pods Frameworks */,
			);
			buildRules = (
			);
			dependencies = (
			);
			name = PippinTestHarness;
			productName = PippinTestHarness;
			productReference = 49835A031E934995009CC53E /* PippinTestHarness.app */;
			productType = "com.apple.product-type.application";
		};
/* End PBXNativeTarget section */

/* Begin PBXProject section */
		494821571E6B4E28003DD4EC /* Project object */ = {
			isa = PBXProject;
			attributes = {
				DefaultBuildSystemTypeForWorkspace = Original;
				LastSwiftUpdateCheck = 1010;
				LastUpgradeCheck = 0930;
				TargetAttributes = {
					4907828321585E3D0024748B = {
						CreatedOnToolsVersion = 9.4.1;
						DevelopmentTeam = APR23SDATL;
						ProvisioningStyle = Automatic;
						TestTargetID = 49835A021E934995009CC53E;
					};
					495CE05120F25BE900A72C80 = {
						CreatedOnToolsVersion = 9.4.1;
						ProvisioningStyle = Automatic;
						TestTargetID = 49835A021E934995009CC53E;
					};
					49835A021E934995009CC53E = {
						CreatedOnToolsVersion = 8.3;
						DevelopmentTeam = APR23SDATL;
						LastSwiftMigration = 0900;
						ProvisioningStyle = Automatic;
					};
				};
			};
			buildConfigurationList = 4948215A1E6B4E28003DD4EC /* Build configuration list for PBXProject "Pippin" */;
			compatibilityVersion = "Xcode 3.2";
			developmentRegion = English;
			hasScannedForEncodings = 0;
			knownRegions = (
				en,
				Base,
			);
			mainGroup = 494821561E6B4E28003DD4EC;
			productRefGroup = 494821621E6B4EA5003DD4EC /* Products */;
			projectDirPath = "";
			projectRoot = "";
			targets = (
				49835A021E934995009CC53E /* PippinTestHarness */,
				495CE05120F25BE900A72C80 /* PippinUnitTests */,
				4907828321585E3D0024748B /* PippinUITests */,
			);
		};
/* End PBXProject section */

/* Begin PBXResourcesBuildPhase section */
		4907828221585E3D0024748B /* Resources */ = {
			isa = PBXResourcesBuildPhase;
			buildActionMask = 2147483647;
			files = (
			);
			runOnlyForDeploymentPostprocessing = 0;
		};
		495CE05020F25BE900A72C80 /* Resources */ = {
			isa = PBXResourcesBuildPhase;
			buildActionMask = 2147483647;
			files = (
			);
			runOnlyForDeploymentPostprocessing = 0;
		};
		49835A011E934995009CC53E /* Resources */ = {
			isa = PBXResourcesBuildPhase;
			buildActionMask = 2147483647;
			files = (
				49835A101E934995009CC53E /* LaunchScreen.storyboard in Resources */,
				49835A0D1E934995009CC53E /* Assets.xcassets in Resources */,
				49835A0B1E934995009CC53E /* Main.storyboard in Resources */,
			);
			runOnlyForDeploymentPostprocessing = 0;
		};
/* End PBXResourcesBuildPhase section */

/* Begin PBXShellScriptBuildPhase section */
		1354BE39FB0190F5B5C53B64 /* [CP] Check Pods Manifest.lock */ = {
			isa = PBXShellScriptBuildPhase;
			buildActionMask = 2147483647;
			files = (
			);
			inputPaths = (
				"${PODS_PODFILE_DIR_PATH}/Podfile.lock",
				"${PODS_ROOT}/Manifest.lock",
			);
			name = "[CP] Check Pods Manifest.lock";
			outputPaths = (
				"$(DERIVED_FILE_DIR)/Pods-PippinTestPods-PippinUnitTests-checkManifestLockResult.txt",
			);
			runOnlyForDeploymentPostprocessing = 0;
			shellPath = /bin/sh;
			shellScript = "diff \"${PODS_PODFILE_DIR_PATH}/Podfile.lock\" \"${PODS_ROOT}/Manifest.lock\" > /dev/null\nif [ $? != 0 ] ; then\n    # print error to STDERR\n    echo \"error: The sandbox is not in sync with the Podfile.lock. Run 'pod install' or update your CocoaPods installation.\" >&2\n    exit 1\nfi\n# This output is used by Xcode 'outputs' to avoid re-running this script phase.\necho \"SUCCESS\" > \"${SCRIPT_OUTPUT_FILE_0}\"\n";
			showEnvVarsInLog = 0;
		};
		194E4375E6FC4F35F226E5BA /* [CP] Check Pods Manifest.lock */ = {
			isa = PBXShellScriptBuildPhase;
			buildActionMask = 2147483647;
			files = (
			);
			inputPaths = (
				"${PODS_PODFILE_DIR_PATH}/Podfile.lock",
				"${PODS_ROOT}/Manifest.lock",
			);
			name = "[CP] Check Pods Manifest.lock";
			outputPaths = (
				"$(DERIVED_FILE_DIR)/Pods-PippinPods-PippinTestHarness-checkManifestLockResult.txt",
			);
			runOnlyForDeploymentPostprocessing = 0;
			shellPath = /bin/sh;
			shellScript = "diff \"${PODS_PODFILE_DIR_PATH}/Podfile.lock\" \"${PODS_ROOT}/Manifest.lock\" > /dev/null\nif [ $? != 0 ] ; then\n    # print error to STDERR\n    echo \"error: The sandbox is not in sync with the Podfile.lock. Run 'pod install' or update your CocoaPods installation.\" >&2\n    exit 1\nfi\n# This output is used by Xcode 'outputs' to avoid re-running this script phase.\necho \"SUCCESS\" > \"${SCRIPT_OUTPUT_FILE_0}\"\n";
			showEnvVarsInLog = 0;
		};
		5B83F1B46B655D6564F85A5D /* [CP] Embed Pods Frameworks */ = {
			isa = PBXShellScriptBuildPhase;
			buildActionMask = 2147483647;
			files = (
			);
			inputPaths = (
				"${SRCROOT}/Pods/Target Support Files/Pods-PippinTestPods-PippinUnitTests/Pods-PippinTestPods-PippinUnitTests-frameworks.sh",
				"${BUILT_PRODUCTS_DIR}/Pippin-Extensions/Pippin.framework",
				"${BUILT_PRODUCTS_DIR}/PippinTesting/PippinTesting.framework",
			);
			name = "[CP] Embed Pods Frameworks";
			outputPaths = (
				"${TARGET_BUILD_DIR}/${FRAMEWORKS_FOLDER_PATH}/Pippin.framework",
				"${TARGET_BUILD_DIR}/${FRAMEWORKS_FOLDER_PATH}/PippinTesting.framework",
			);
			runOnlyForDeploymentPostprocessing = 0;
			shellPath = /bin/sh;
			shellScript = "\"${SRCROOT}/Pods/Target Support Files/Pods-PippinTestPods-PippinUnitTests/Pods-PippinTestPods-PippinUnitTests-frameworks.sh\"\n";
			showEnvVarsInLog = 0;
		};
		69F8E45CC4B5FD337AAB3905 /* [CP] Embed Pods Frameworks */ = {
			isa = PBXShellScriptBuildPhase;
			buildActionMask = 2147483647;
			files = (
			);
			inputPaths = (
				"${SRCROOT}/Pods/Target Support Files/Pods-PippinTestPods-PippinUITests/Pods-PippinTestPods-PippinUITests-frameworks.sh",
				"${BUILT_PRODUCTS_DIR}/Pippin-Extensions/Pippin.framework",
				"${BUILT_PRODUCTS_DIR}/PippinTesting/PippinTesting.framework",
			);
			name = "[CP] Embed Pods Frameworks";
			outputPaths = (
				"${TARGET_BUILD_DIR}/${FRAMEWORKS_FOLDER_PATH}/Pippin.framework",
				"${TARGET_BUILD_DIR}/${FRAMEWORKS_FOLDER_PATH}/PippinTesting.framework",
			);
			runOnlyForDeploymentPostprocessing = 0;
			shellPath = /bin/sh;
			shellScript = "\"${SRCROOT}/Pods/Target Support Files/Pods-PippinTestPods-PippinUITests/Pods-PippinTestPods-PippinUITests-frameworks.sh\"\n";
			showEnvVarsInLog = 0;
		};
		8277A4AA63548FCC6D1E38FE /* [CP] Embed Pods Frameworks */ = {
			isa = PBXShellScriptBuildPhase;
			buildActionMask = 2147483647;
			files = (
			);
			inputPaths = (
				"${SRCROOT}/Pods/Target Support Files/Pods-PippinPods-PippinTestHarness/Pods-PippinPods-PippinTestHarness-frameworks.sh",
				"${BUILT_PRODUCTS_DIR}/Anchorage/Anchorage.framework",
				"${BUILT_PRODUCTS_DIR}/COSTouchVisualizer/COSTouchVisualizer.framework",
				"${BUILT_PRODUCTS_DIR}/FLEX/FLEX.framework",
				"${BUILT_PRODUCTS_DIR}/JGProgressHUD/JGProgressHUD.framework",
				"${BUILT_PRODUCTS_DIR}/ObjcExceptionBridging/ObjcExceptionBridging.framework",
				"${BUILT_PRODUCTS_DIR}/PinpointKit/PinpointKit.framework",
				"${BUILT_PRODUCTS_DIR}/Pippin/Pippin.framework",
				"${BUILT_PRODUCTS_DIR}/PippinAdapters/PippinAdapters.framework",
				"${BUILT_PRODUCTS_DIR}/Result/Result.framework",
				"${BUILT_PRODUCTS_DIR}/SwiftMessages/SwiftMessages.framework",
				"${BUILT_PRODUCTS_DIR}/XCGLogger/XCGLogger.framework",
			);
			name = "[CP] Embed Pods Frameworks";
			outputPaths = (
				"${TARGET_BUILD_DIR}/${FRAMEWORKS_FOLDER_PATH}/Anchorage.framework",
				"${TARGET_BUILD_DIR}/${FRAMEWORKS_FOLDER_PATH}/COSTouchVisualizer.framework",
				"${TARGET_BUILD_DIR}/${FRAMEWORKS_FOLDER_PATH}/FLEX.framework",
				"${TARGET_BUILD_DIR}/${FRAMEWORKS_FOLDER_PATH}/JGProgressHUD.framework",
				"${TARGET_BUILD_DIR}/${FRAMEWORKS_FOLDER_PATH}/ObjcExceptionBridging.framework",
				"${TARGET_BUILD_DIR}/${FRAMEWORKS_FOLDER_PATH}/PinpointKit.framework",
				"${TARGET_BUILD_DIR}/${FRAMEWORKS_FOLDER_PATH}/Pippin.framework",
				"${TARGET_BUILD_DIR}/${FRAMEWORKS_FOLDER_PATH}/PippinAdapters.framework",
				"${TARGET_BUILD_DIR}/${FRAMEWORKS_FOLDER_PATH}/Result.framework",
				"${TARGET_BUILD_DIR}/${FRAMEWORKS_FOLDER_PATH}/SwiftMessages.framework",
				"${TARGET_BUILD_DIR}/${FRAMEWORKS_FOLDER_PATH}/XCGLogger.framework",
			);
			runOnlyForDeploymentPostprocessing = 0;
			shellPath = /bin/sh;
			shellScript = "\"${SRCROOT}/Pods/Target Support Files/Pods-PippinPods-PippinTestHarness/Pods-PippinPods-PippinTestHarness-frameworks.sh\"\n";
			showEnvVarsInLog = 0;
		};
		937A1EAEE863E8002AD69227 /* [CP] Check Pods Manifest.lock */ = {
			isa = PBXShellScriptBuildPhase;
			buildActionMask = 2147483647;
			files = (
			);
			inputPaths = (
				"${PODS_PODFILE_DIR_PATH}/Podfile.lock",
				"${PODS_ROOT}/Manifest.lock",
			);
			name = "[CP] Check Pods Manifest.lock";
			outputPaths = (
				"$(DERIVED_FILE_DIR)/Pods-PippinTestPods-PippinUITests-checkManifestLockResult.txt",
			);
			runOnlyForDeploymentPostprocessing = 0;
			shellPath = /bin/sh;
			shellScript = "diff \"${PODS_PODFILE_DIR_PATH}/Podfile.lock\" \"${PODS_ROOT}/Manifest.lock\" > /dev/null\nif [ $? != 0 ] ; then\n    # print error to STDERR\n    echo \"error: The sandbox is not in sync with the Podfile.lock. Run 'pod install' or update your CocoaPods installation.\" >&2\n    exit 1\nfi\n# This output is used by Xcode 'outputs' to avoid re-running this script phase.\necho \"SUCCESS\" > \"${SCRIPT_OUTPUT_FILE_0}\"\n";
			showEnvVarsInLog = 0;
		};
/* End PBXShellScriptBuildPhase section */

/* Begin PBXSourcesBuildPhase section */
		4907828021585E3D0024748B /* Sources */ = {
			isa = PBXSourcesBuildPhase;
			buildActionMask = 2147483647;
			files = (
				4907828721585E3D0024748B /* PippinUITests.swift in Sources */,
			);
			runOnlyForDeploymentPostprocessing = 0;
		};
		495CE04E20F25BE900A72C80 /* Sources */ = {
			isa = PBXSourcesBuildPhase;
			buildActionMask = 2147483647;
			files = (
				495CE05520F25BE900A72C80 /* PippinUnitTests.swift in Sources */,
			);
			runOnlyForDeploymentPostprocessing = 0;
		};
		498359FF1E934995009CC53E /* Sources */ = {
			isa = PBXSourcesBuildPhase;
			buildActionMask = 2147483647;
			files = (
				49835A081E934995009CC53E /* ViewController.swift in Sources */,
				49835A061E934995009CC53E /* AppDelegate.swift in Sources */,
			);
			runOnlyForDeploymentPostprocessing = 0;
		};
/* End PBXSourcesBuildPhase section */

/* Begin PBXTargetDependency section */
		4907828A21585E3D0024748B /* PBXTargetDependency */ = {
			isa = PBXTargetDependency;
			target = 49835A021E934995009CC53E /* PippinTestHarness */;
			targetProxy = 4907828921585E3D0024748B /* PBXContainerItemProxy */;
		};
		495CE05820F25BE900A72C80 /* PBXTargetDependency */ = {
			isa = PBXTargetDependency;
			target = 49835A021E934995009CC53E /* PippinTestHarness */;
			targetProxy = 495CE05720F25BE900A72C80 /* PBXContainerItemProxy */;
		};
/* End PBXTargetDependency section */

/* Begin PBXVariantGroup section */
		49835A091E934995009CC53E /* Main.storyboard */ = {
			isa = PBXVariantGroup;
			children = (
				49835A0A1E934995009CC53E /* Base */,
			);
			name = Main.storyboard;
			sourceTree = "<group>";
		};
		49835A0E1E934995009CC53E /* LaunchScreen.storyboard */ = {
			isa = PBXVariantGroup;
			children = (
				49835A0F1E934995009CC53E /* Base */,
			);
			name = LaunchScreen.storyboard;
			sourceTree = "<group>";
		};
/* End PBXVariantGroup section */

/* Begin XCBuildConfiguration section */
		4907828B21585E3D0024748B /* Debug */ = {
			isa = XCBuildConfiguration;
			baseConfigurationReference = 928B13E6C8139E5FD5000207 /* Pods-PippinTestPods-PippinUITests.debug.xcconfig */;
			buildSettings = {
				ALWAYS_SEARCH_USER_PATHS = NO;
				CLANG_ANALYZER_NONNULL = YES;
				CLANG_ANALYZER_NUMBER_OBJECT_CONVERSION = YES_AGGRESSIVE;
				CLANG_CXX_LANGUAGE_STANDARD = "gnu++14";
				CLANG_CXX_LIBRARY = "libc++";
				CLANG_ENABLE_MODULES = YES;
				CLANG_ENABLE_OBJC_ARC = YES;
				CLANG_ENABLE_OBJC_WEAK = YES;
				CLANG_WARN_DIRECT_OBJC_ISA_USAGE = YES_ERROR;
				CLANG_WARN_DOCUMENTATION_COMMENTS = YES;
				CLANG_WARN_OBJC_ROOT_CLASS = YES_ERROR;
				CLANG_WARN_UNGUARDED_AVAILABILITY = YES_AGGRESSIVE;
				CODE_SIGN_IDENTITY = "iPhone Developer";
				CODE_SIGN_STYLE = Automatic;
				COPY_PHASE_STRIP = NO;
				DEBUG_INFORMATION_FORMAT = dwarf;
				DEVELOPMENT_TEAM = APR23SDATL;
				GCC_C_LANGUAGE_STANDARD = gnu11;
				GCC_DYNAMIC_NO_PIC = NO;
				GCC_OPTIMIZATION_LEVEL = 0;
				GCC_PREPROCESSOR_DEFINITIONS = (
					"DEBUG=1",
					"$(inherited)",
				);
				GCC_WARN_ABOUT_RETURN_TYPE = YES_ERROR;
				GCC_WARN_UNINITIALIZED_AUTOS = YES_AGGRESSIVE;
				INFOPLIST_FILE = PippinUITests/Info.plist;
				IPHONEOS_DEPLOYMENT_TARGET = 11.4;
				LD_RUNPATH_SEARCH_PATHS = "$(inherited) @executable_path/Frameworks @loader_path/Frameworks";
				MTL_ENABLE_DEBUG_INFO = YES;
				PRODUCT_BUNDLE_IDENTIFIER = com.tworingsoft.PippinUITests;
				PRODUCT_NAME = "$(TARGET_NAME)";
				SDKROOT = iphoneos;
				SWIFT_ACTIVE_COMPILATION_CONDITIONS = DEBUG;
				SWIFT_OPTIMIZATION_LEVEL = "-Onone";
				SWIFT_VERSION = 4.0;
				TARGETED_DEVICE_FAMILY = "1,2";
				TEST_TARGET_NAME = PippinTestHarness;
			};
			name = Debug;
		};
		4907828C21585E3D0024748B /* Release */ = {
			isa = XCBuildConfiguration;
			baseConfigurationReference = 54B57BB22B7692B235CE7CA4 /* Pods-PippinTestPods-PippinUITests.release.xcconfig */;
			buildSettings = {
				ALWAYS_SEARCH_USER_PATHS = NO;
				CLANG_ANALYZER_NONNULL = YES;
				CLANG_ANALYZER_NUMBER_OBJECT_CONVERSION = YES_AGGRESSIVE;
				CLANG_CXX_LANGUAGE_STANDARD = "gnu++14";
				CLANG_CXX_LIBRARY = "libc++";
				CLANG_ENABLE_MODULES = YES;
				CLANG_ENABLE_OBJC_ARC = YES;
				CLANG_ENABLE_OBJC_WEAK = YES;
				CLANG_WARN_DIRECT_OBJC_ISA_USAGE = YES_ERROR;
				CLANG_WARN_DOCUMENTATION_COMMENTS = YES;
				CLANG_WARN_OBJC_ROOT_CLASS = YES_ERROR;
				CLANG_WARN_UNGUARDED_AVAILABILITY = YES_AGGRESSIVE;
				CODE_SIGN_IDENTITY = "iPhone Developer";
				CODE_SIGN_STYLE = Automatic;
				COPY_PHASE_STRIP = NO;
				DEBUG_INFORMATION_FORMAT = "dwarf-with-dsym";
				DEVELOPMENT_TEAM = APR23SDATL;
				ENABLE_NS_ASSERTIONS = NO;
				GCC_C_LANGUAGE_STANDARD = gnu11;
				GCC_WARN_ABOUT_RETURN_TYPE = YES_ERROR;
				GCC_WARN_UNINITIALIZED_AUTOS = YES_AGGRESSIVE;
				INFOPLIST_FILE = PippinUITests/Info.plist;
				IPHONEOS_DEPLOYMENT_TARGET = 11.4;
				LD_RUNPATH_SEARCH_PATHS = "$(inherited) @executable_path/Frameworks @loader_path/Frameworks";
				MTL_ENABLE_DEBUG_INFO = NO;
				PRODUCT_BUNDLE_IDENTIFIER = com.tworingsoft.PippinUITests;
				PRODUCT_NAME = "$(TARGET_NAME)";
				SDKROOT = iphoneos;
				SWIFT_OPTIMIZATION_LEVEL = "-Owholemodule";
				SWIFT_VERSION = 4.0;
				TARGETED_DEVICE_FAMILY = "1,2";
				TEST_TARGET_NAME = PippinTestHarness;
				VALIDATE_PRODUCT = YES;
			};
			name = Release;
		};
		4948215B1E6B4E28003DD4EC /* Debug */ = {
			isa = XCBuildConfiguration;
			buildSettings = {
				CLANG_WARN_BLOCK_CAPTURE_AUTORELEASING = YES;
				CLANG_WARN_BOOL_CONVERSION = YES;
				CLANG_WARN_COMMA = YES;
				CLANG_WARN_CONSTANT_CONVERSION = YES;
				CLANG_WARN_DEPRECATED_OBJC_IMPLEMENTATIONS = YES;
				CLANG_WARN_EMPTY_BODY = YES;
				CLANG_WARN_ENUM_CONVERSION = YES;
				CLANG_WARN_INFINITE_RECURSION = YES;
				CLANG_WARN_INT_CONVERSION = YES;
				CLANG_WARN_NON_LITERAL_NULL_CONVERSION = YES;
				CLANG_WARN_OBJC_IMPLICIT_RETAIN_SELF = YES;
				CLANG_WARN_OBJC_LITERAL_CONVERSION = YES;
				CLANG_WARN_RANGE_LOOP_ANALYSIS = YES;
				CLANG_WARN_STRICT_PROTOTYPES = YES;
				CLANG_WARN_SUSPICIOUS_MOVE = YES;
				CLANG_WARN_UNREACHABLE_CODE = YES;
				CLANG_WARN__DUPLICATE_METHOD_MATCH = YES;
				ENABLE_STRICT_OBJC_MSGSEND = YES;
				ENABLE_TESTABILITY = YES;
				GCC_NO_COMMON_BLOCKS = YES;
				GCC_WARN_64_TO_32_BIT_CONVERSION = YES;
				GCC_WARN_ABOUT_RETURN_TYPE = YES;
				GCC_WARN_UNDECLARED_SELECTOR = YES;
				GCC_WARN_UNINITIALIZED_AUTOS = YES;
				GCC_WARN_UNUSED_FUNCTION = YES;
				GCC_WARN_UNUSED_VARIABLE = YES;
				IPHONEOS_DEPLOYMENT_TARGET = 9.0;
				ONLY_ACTIVE_ARCH = YES;
				SWIFT_SWIFT3_OBJC_INFERENCE = Default;
				SWIFT_VERSION = 4.0;
			};
			name = Debug;
		};
		4948215C1E6B4E28003DD4EC /* Release */ = {
			isa = XCBuildConfiguration;
			buildSettings = {
				CLANG_WARN_BLOCK_CAPTURE_AUTORELEASING = YES;
				CLANG_WARN_BOOL_CONVERSION = YES;
				CLANG_WARN_COMMA = YES;
				CLANG_WARN_CONSTANT_CONVERSION = YES;
				CLANG_WARN_DEPRECATED_OBJC_IMPLEMENTATIONS = YES;
				CLANG_WARN_EMPTY_BODY = YES;
				CLANG_WARN_ENUM_CONVERSION = YES;
				CLANG_WARN_INFINITE_RECURSION = YES;
				CLANG_WARN_INT_CONVERSION = YES;
				CLANG_WARN_NON_LITERAL_NULL_CONVERSION = YES;
				CLANG_WARN_OBJC_IMPLICIT_RETAIN_SELF = YES;
				CLANG_WARN_OBJC_LITERAL_CONVERSION = YES;
				CLANG_WARN_RANGE_LOOP_ANALYSIS = YES;
				CLANG_WARN_STRICT_PROTOTYPES = YES;
				CLANG_WARN_SUSPICIOUS_MOVE = YES;
				CLANG_WARN_UNREACHABLE_CODE = YES;
				CLANG_WARN__DUPLICATE_METHOD_MATCH = YES;
				ENABLE_STRICT_OBJC_MSGSEND = YES;
				GCC_NO_COMMON_BLOCKS = YES;
				GCC_WARN_64_TO_32_BIT_CONVERSION = YES;
				GCC_WARN_ABOUT_RETURN_TYPE = YES;
				GCC_WARN_UNDECLARED_SELECTOR = YES;
				GCC_WARN_UNINITIALIZED_AUTOS = YES;
				GCC_WARN_UNUSED_FUNCTION = YES;
				GCC_WARN_UNUSED_VARIABLE = YES;
				IPHONEOS_DEPLOYMENT_TARGET = 9.0;
				SWIFT_SWIFT3_OBJC_INFERENCE = Default;
				SWIFT_VERSION = 4.0;
			};
			name = Release;
		};
		495CE05920F25BE900A72C80 /* Debug */ = {
			isa = XCBuildConfiguration;
			baseConfigurationReference = 89AD3D3E8B0A2B93169D5954 /* Pods-PippinTestPods-PippinUnitTests.debug.xcconfig */;
			buildSettings = {
				ALWAYS_SEARCH_USER_PATHS = NO;
				BUNDLE_LOADER = "$(TEST_HOST)";
				CLANG_ANALYZER_NONNULL = YES;
				CLANG_ANALYZER_NUMBER_OBJECT_CONVERSION = YES_AGGRESSIVE;
				CLANG_CXX_LANGUAGE_STANDARD = "gnu++14";
				CLANG_CXX_LIBRARY = "libc++";
				CLANG_ENABLE_MODULES = YES;
				CLANG_ENABLE_OBJC_ARC = YES;
				CLANG_ENABLE_OBJC_WEAK = YES;
				CLANG_WARN_DIRECT_OBJC_ISA_USAGE = YES_ERROR;
				CLANG_WARN_DOCUMENTATION_COMMENTS = YES;
				CLANG_WARN_OBJC_ROOT_CLASS = YES_ERROR;
				CLANG_WARN_UNGUARDED_AVAILABILITY = YES_AGGRESSIVE;
				CODE_SIGN_IDENTITY = "iPhone Developer";
				CODE_SIGN_STYLE = Automatic;
				COPY_PHASE_STRIP = NO;
				DEBUG_INFORMATION_FORMAT = dwarf;
				GCC_C_LANGUAGE_STANDARD = gnu11;
				GCC_DYNAMIC_NO_PIC = NO;
				GCC_OPTIMIZATION_LEVEL = 0;
				GCC_PREPROCESSOR_DEFINITIONS = (
					"DEBUG=1",
					"$(inherited)",
				);
				GCC_WARN_ABOUT_RETURN_TYPE = YES_ERROR;
				GCC_WARN_UNINITIALIZED_AUTOS = YES_AGGRESSIVE;
				INFOPLIST_FILE = PippinUnitTests/Info.plist;
				LD_RUNPATH_SEARCH_PATHS = "$(inherited) @executable_path/Frameworks @loader_path/Frameworks";
				MTL_ENABLE_DEBUG_INFO = YES;
				PRODUCT_BUNDLE_IDENTIFIER = com.insighttherapeutics.PippinUnitTests;
				PRODUCT_NAME = "$(TARGET_NAME)";
				SDKROOT = iphoneos;
				SWIFT_ACTIVE_COMPILATION_CONDITIONS = DEBUG;
				SWIFT_OPTIMIZATION_LEVEL = "-Onone";
				SWIFT_VERSION = 4.0;
				TARGETED_DEVICE_FAMILY = "1,2";
				TEST_HOST = "$(BUILT_PRODUCTS_DIR)/PippinTestHarness.app/PippinTestHarness";
			};
			name = Debug;
		};
		495CE05A20F25BE900A72C80 /* Release */ = {
			isa = XCBuildConfiguration;
			baseConfigurationReference = E267FC9BC4C60AC9929D9941 /* Pods-PippinTestPods-PippinUnitTests.release.xcconfig */;
			buildSettings = {
				ALWAYS_SEARCH_USER_PATHS = NO;
				BUNDLE_LOADER = "$(TEST_HOST)";
				CLANG_ANALYZER_NONNULL = YES;
				CLANG_ANALYZER_NUMBER_OBJECT_CONVERSION = YES_AGGRESSIVE;
				CLANG_CXX_LANGUAGE_STANDARD = "gnu++14";
				CLANG_CXX_LIBRARY = "libc++";
				CLANG_ENABLE_MODULES = YES;
				CLANG_ENABLE_OBJC_ARC = YES;
				CLANG_ENABLE_OBJC_WEAK = YES;
				CLANG_WARN_DIRECT_OBJC_ISA_USAGE = YES_ERROR;
				CLANG_WARN_DOCUMENTATION_COMMENTS = YES;
				CLANG_WARN_OBJC_ROOT_CLASS = YES_ERROR;
				CLANG_WARN_UNGUARDED_AVAILABILITY = YES_AGGRESSIVE;
				CODE_SIGN_IDENTITY = "iPhone Developer";
				CODE_SIGN_STYLE = Automatic;
				COPY_PHASE_STRIP = NO;
				DEBUG_INFORMATION_FORMAT = "dwarf-with-dsym";
				ENABLE_NS_ASSERTIONS = NO;
				GCC_C_LANGUAGE_STANDARD = gnu11;
				GCC_WARN_ABOUT_RETURN_TYPE = YES_ERROR;
				GCC_WARN_UNINITIALIZED_AUTOS = YES_AGGRESSIVE;
				INFOPLIST_FILE = PippinUnitTests/Info.plist;
				LD_RUNPATH_SEARCH_PATHS = "$(inherited) @executable_path/Frameworks @loader_path/Frameworks";
				MTL_ENABLE_DEBUG_INFO = NO;
				PRODUCT_BUNDLE_IDENTIFIER = com.insighttherapeutics.PippinUnitTests;
				PRODUCT_NAME = "$(TARGET_NAME)";
				SDKROOT = iphoneos;
				SWIFT_OPTIMIZATION_LEVEL = "-Owholemodule";
				SWIFT_VERSION = 4.0;
				TARGETED_DEVICE_FAMILY = "1,2";
				TEST_HOST = "$(BUILT_PRODUCTS_DIR)/PippinTestHarness.app/PippinTestHarness";
				VALIDATE_PRODUCT = YES;
			};
			name = Release;
		};
		49835A131E934995009CC53E /* Debug */ = {
			isa = XCBuildConfiguration;
			baseConfigurationReference = DAA7B2090ADEAC32159C991F /* Pods-PippinPods-PippinTestHarness.debug.xcconfig */;
			buildSettings = {
				ALWAYS_SEARCH_USER_PATHS = NO;
				ASSETCATALOG_COMPILER_APPICON_NAME = AppIcon;
				CLANG_ANALYZER_NONNULL = YES;
				CLANG_ANALYZER_NUMBER_OBJECT_CONVERSION = YES_AGGRESSIVE;
				CLANG_CXX_LANGUAGE_STANDARD = "gnu++0x";
				CLANG_CXX_LIBRARY = "libc++";
				CLANG_ENABLE_MODULES = YES;
				CLANG_ENABLE_OBJC_ARC = YES;
				CLANG_WARN_DIRECT_OBJC_ISA_USAGE = YES_ERROR;
				CLANG_WARN_DOCUMENTATION_COMMENTS = YES;
				CLANG_WARN_OBJC_ROOT_CLASS = YES_ERROR;
				"CODE_SIGN_IDENTITY[sdk=iphoneos*]" = "iPhone Developer";
				COPY_PHASE_STRIP = NO;
				DEBUG_INFORMATION_FORMAT = dwarf;
				DEVELOPMENT_TEAM = APR23SDATL;
				GCC_C_LANGUAGE_STANDARD = gnu99;
				GCC_DYNAMIC_NO_PIC = NO;
				GCC_OPTIMIZATION_LEVEL = 0;
				GCC_PREPROCESSOR_DEFINITIONS = (
					"DEBUG=1",
					"$(inherited)",
				);
				GCC_WARN_ABOUT_RETURN_TYPE = YES_ERROR;
				GCC_WARN_UNINITIALIZED_AUTOS = YES_AGGRESSIVE;
				INFOPLIST_FILE = Pippin/PippinTestHarness/Info.plist;
				LD_RUNPATH_SEARCH_PATHS = "$(inherited) @executable_path/Frameworks";
				MTL_ENABLE_DEBUG_INFO = YES;
				PRODUCT_BUNDLE_IDENTIFIER = "com.tworingsoft.Pippin-test-harness";
				PRODUCT_NAME = "$(TARGET_NAME)";
				SDKROOT = iphoneos;
				SWIFT_ACTIVE_COMPILATION_CONDITIONS = DEBUG;
				SWIFT_OPTIMIZATION_LEVEL = "-Onone";
				TARGETED_DEVICE_FAMILY = "1,2";
			};
			name = Debug;
		};
		49835A141E934995009CC53E /* Release */ = {
			isa = XCBuildConfiguration;
			baseConfigurationReference = FA50C5CD7B480034F0C6CA72 /* Pods-PippinPods-PippinTestHarness.release.xcconfig */;
			buildSettings = {
				ALWAYS_SEARCH_USER_PATHS = NO;
				ASSETCATALOG_COMPILER_APPICON_NAME = AppIcon;
				CLANG_ANALYZER_NONNULL = YES;
				CLANG_ANALYZER_NUMBER_OBJECT_CONVERSION = YES_AGGRESSIVE;
				CLANG_CXX_LANGUAGE_STANDARD = "gnu++0x";
				CLANG_CXX_LIBRARY = "libc++";
				CLANG_ENABLE_MODULES = YES;
				CLANG_ENABLE_OBJC_ARC = YES;
				CLANG_WARN_DIRECT_OBJC_ISA_USAGE = YES_ERROR;
				CLANG_WARN_DOCUMENTATION_COMMENTS = YES;
				CLANG_WARN_OBJC_ROOT_CLASS = YES_ERROR;
				"CODE_SIGN_IDENTITY[sdk=iphoneos*]" = "iPhone Developer";
				COPY_PHASE_STRIP = NO;
				DEBUG_INFORMATION_FORMAT = "dwarf-with-dsym";
				DEVELOPMENT_TEAM = APR23SDATL;
				ENABLE_NS_ASSERTIONS = NO;
				GCC_C_LANGUAGE_STANDARD = gnu99;
				GCC_WARN_ABOUT_RETURN_TYPE = YES_ERROR;
				GCC_WARN_UNINITIALIZED_AUTOS = YES_AGGRESSIVE;
				INFOPLIST_FILE = Pippin/PippinTestHarness/Info.plist;
				LD_RUNPATH_SEARCH_PATHS = "$(inherited) @executable_path/Frameworks";
				MTL_ENABLE_DEBUG_INFO = NO;
				PRODUCT_BUNDLE_IDENTIFIER = "com.tworingsoft.Pippin-test-harness";
				PRODUCT_NAME = "$(TARGET_NAME)";
				SDKROOT = iphoneos;
				SWIFT_OPTIMIZATION_LEVEL = "-Owholemodule";
				TARGETED_DEVICE_FAMILY = "1,2";
				VALIDATE_PRODUCT = YES;
			};
			name = Release;
		};
/* End XCBuildConfiguration section */

/* Begin XCConfigurationList section */
		4907828D21585E3D0024748B /* Build configuration list for PBXNativeTarget "PippinUITests" */ = {
			isa = XCConfigurationList;
			buildConfigurations = (
				4907828B21585E3D0024748B /* Debug */,
				4907828C21585E3D0024748B /* Release */,
			);
			defaultConfigurationIsVisible = 0;
			defaultConfigurationName = Release;
		};
		4948215A1E6B4E28003DD4EC /* Build configuration list for PBXProject "Pippin" */ = {
			isa = XCConfigurationList;
			buildConfigurations = (
				4948215B1E6B4E28003DD4EC /* Debug */,
				4948215C1E6B4E28003DD4EC /* Release */,
			);
			defaultConfigurationIsVisible = 0;
			defaultConfigurationName = Release;
		};
		495CE05B20F25BE900A72C80 /* Build configuration list for PBXNativeTarget "PippinUnitTests" */ = {
			isa = XCConfigurationList;
			buildConfigurations = (
				495CE05920F25BE900A72C80 /* Debug */,
				495CE05A20F25BE900A72C80 /* Release */,
			);
			defaultConfigurationIsVisible = 0;
			defaultConfigurationName = Release;
		};
		49835A121E934995009CC53E /* Build configuration list for PBXNativeTarget "PippinTestHarness" */ = {
			isa = XCConfigurationList;
			buildConfigurations = (
				49835A131E934995009CC53E /* Debug */,
				49835A141E934995009CC53E /* Release */,
			);
			defaultConfigurationIsVisible = 0;
			defaultConfigurationName = Release;
		};
/* End XCConfigurationList section */
	};
	rootObject = 494821571E6B4E28003DD4EC /* Project object */;
}
