PODS:
  - Anchorage (4.3.1)
  - PippinLibrary (1.0.0):
    - Anchorage

DEPENDENCIES:
  - PippinLibrary (from `../..`)

SPEC REPOS:
  https://cdn.cocoapods.org/:
    - Anchorage

EXTERNAL SOURCES:
  PippinLibrary:
    :path: "../.."

SPEC CHECKSUMS:
  Anchorage: a187da0bc9b07440637d42c8744b8c82a4490295
  PippinLibrary: ff632c89cdcb82e63f980154b51f025358127cf1

PODFILE CHECKSUM: 358e3f5749264a7dfa3610052e0d409c4d9a7ea4

COCOAPODS: 1.8.0
